
Microsoft Visual Studio Solution File, Format Version 12.00
# Visual Studio Version 17
VisualStudioVersion = 17.3.32922.545
MinimumVisualStudioVersion = 10.0.40219.1
Project("{2150E333-8FDC-42A3-9474-1A3956D46DE8}") = "Domain", "Domain", "{59847AB9-02D0-4BFE-A9A4-6461C0C6FC5B}"
EndProject
Project("{2150E333-8FDC-42A3-9474-1A3956D46DE8}") = "Infrastructure", "Infrastructure", "{B4F89B54-C474-4CFB-876A-2813A452645C}"
EndProject
Project("{2150E333-8FDC-42A3-9474-1A3956D46DE8}") = "Interfaces", "Interfaces", "{8A8C8363-CF17-450F-B3E8-5585B84DAD88}"
EndProject
Project("{FAE04EC0-301F-11D3-BF4B-00C04F79EFBC}") = "FX.MotorCambio.Domain", "Domain\FX.MotorCambio.Domain\FX.MotorCambio.Domain.csproj", "{063683A0-0DBE-4B82-9C3D-114CC3293E4F}"
EndProject
Project("{FAE04EC0-301F-11D3-BF4B-00C04F79EFBC}") = "FX.MotorCambio.DataAccess", "Infrastructure\FX.MotorCambio.DataAccess\FX.MotorCambio.DataAccess.csproj", "{F74B7134-96E6-47A9-A024-9BCF11033EF8}"
EndProject
Project("{2150E333-8FDC-42A3-9474-1A3956D46DE8}") = "Presentation", "Presentation", "{E0BBFDA4-C204-4B73-AC97-A5712F48DE40}"
EndProject
Project("{FAE04EC0-301F-11D3-BF4B-00C04F79EFBC}") = "FX.MotorCambio.StaticDataWsApi", "Interfaces\FX.MotorCambio.StaticDataWsApi\FX.MotorCambio.StaticDataWsApi.csproj", "{98FF1FF2-CAFF-4D22-B0CE-4EB847587521}"
EndProject
Project("{2150E333-8FDC-42A3-9474-1A3956D46DE8}") = "StaticDataWsApi", "StaticDataWsApi", "{F77278CC-E9BC-4C80-ACED-1575EBC1FC24}"
EndProject
Project("{2150E333-8FDC-42A3-9474-1A3956D46DE8}") = "ApprovalModule", "ApprovalModule", "{DEB4D4E9-08A1-4D40-B80F-E0BD76F1A095}"
EndProject
Project("{FAE04EC0-301F-11D3-BF4B-00C04F79EFBC}") = "FX.MotorCambio.Contracts", "Infrastructure\FX.MotorCambio.Contracts\FX.MotorCambio.Contracts.csproj", "{6683DCAB-A406-484B-8604-44D134634EDE}"
EndProject
Project("{FAE04EC0-301F-11D3-BF4B-00C04F79EFBC}") = "FX.MotorCambio.Common", "Infrastructure\FX.MotorCambio.Common\FX.MotorCambio.Common.csproj", "{0EB61643-2459-4C7C-8A9E-6141120BAD24}"
EndProject
Project("{FAE04EC0-301F-11D3-BF4B-00C04F79EFBC}") = "FX.MotorCambio.ApprovalModule.Client", "Interfaces\FX.MotorCambio.ApprovalModule.Client\FX.MotorCambio.ApprovalModule.Client.csproj", "{24B35D0C-EDC2-4AFA-81A9-2101A7DC6FEB}"
EndProject
Project("{2150E333-8FDC-42A3-9474-1A3956D46DE8}") = "Price", "Price", "{A3043D1B-358A-4146-9AF9-C44CA2F105FD}"
EndProject
Project("{FAE04EC0-301F-11D3-BF4B-00C04F79EFBC}") = "Price.Client", "Interfaces\Price\Price.Client\Price.Client.csproj", "{3DF51390-C1D8-486D-B0CE-2C2106ED32A4}"
EndProject
Project("{FAE04EC0-301F-11D3-BF4B-00C04F79EFBC}") = "Price.Contracts", "Interfaces\Price\Price.Contracts\Price.Contracts.csproj", "{207C4BD7-573A-41BA-8312-87BA6A15EBCB}"
EndProject
Project("{2150E333-8FDC-42A3-9474-1A3956D46DE8}") = "Exchange", "Exchange", "{C8E45CA8-EDA1-4C5B-AC51-78BAA700FB30}"
EndProject
Project("{FAE04EC0-301F-11D3-BF4B-00C04F79EFBC}") = "FX.MotorCambio.Exchange.WebApi", "Interfaces\FX.MotorCambio.Exchange.WebApi\FX.MotorCambio.Exchange.WebApi.csproj", "{2ACE3A08-45C3-47AA-B504-59EFCA943A3B}"
EndProject
Project("{FAE04EC0-301F-11D3-BF4B-00C04F79EFBC}") = "FX.MotorCambio.Exchange.Client", "Interfaces\FX.MotorCambio.Exchange.Client\FX.MotorCambio.Exchange.Client.csproj", "{7374B65F-5E70-4BDB-A035-FCCF989A10CD}"
EndProject
Project("{FAE04EC0-301F-11D3-BF4B-00C04F79EFBC}") = "FX.MotorCambio.StaticData.Client", "Interfaces\FX.MotorCambio.StaticData.Client\FX.MotorCambio.StaticData.Client.csproj", "{29A1B52F-4EF9-463E-AAFA-FED69D7F1657}"
EndProject
Project("{FAE04EC0-301F-11D3-BF4B-00C04F79EFBC}") = "FX.MotorCambio.Exchange.Integration", "Interfaces\FX.MotorCambio.Exchange.Integration\FX.MotorCambio.Exchange.Integration.csproj", "{F81ADBB3-0C3D-4B76-B86E-C5BADED843F3}"
EndProject
Project("{2150E333-8FDC-42A3-9474-1A3956D46DE8}") = "ServiceMail", "ServiceMail", "{2159B521-21F2-4DD1-8206-2334A5F014D3}"
EndProject
Project("{FAE04EC0-301F-11D3-BF4B-00C04F79EFBC}") = "Mail", "Interfaces\ServiceMail\Mail\Mail.csproj", "{5A740F9A-2259-4533-BA47-6AA94EF0A214}"
EndProject
Project("{FAE04EC0-301F-11D3-BF4B-00C04F79EFBC}") = "FX.MotorCambio.ApprovalModule.WebApi", "Interfaces\FX.MotorCambio.ApprovalModule.WebApi\FX.MotorCambio.ApprovalModule.WebApi.csproj", "{E8A68393-A88B-4FF6-838C-0857757882DE}"
EndProject
Project("{2150E333-8FDC-42A3-9474-1A3956D46DE8}") = "FTS", "FTS", "{F7025445-4A36-4721-AFC9-877B9515EAFE}"
EndProject
Project("{FAE04EC0-301F-11D3-BF4B-00C04F79EFBC}") = "FX.MotorCambio.FTSCallback", "Interfaces\FX.MotorCambio.FTSCallback\FX.MotorCambio.FTSCallback.csproj", "{5C61AF5A-5AA5-4C24-BC86-BF68C6AC6DF9}"
EndProject
Project("{FAE04EC0-301F-11D3-BF4B-00C04F79EFBC}") = "FX.MotorCambio.WebApi", "Presentation\FX.MotorCambio.WebApi\FX.MotorCambio.WebApi.csproj", "{9C59E768-364E-4789-8E03-2A7C692AF4A7}"
	ProjectSection(ProjectDependencies) = postProject
		{BC515BCF-26AC-41F2-925E-493C3BA49735} = {BC515BCF-26AC-41F2-925E-493C3BA49735}
	EndProjectSection
EndProject
Project("{FAE04EC0-301F-11D3-BF4B-00C04F79EFBC}") = "FX.MotorCambio.Commands", "Domain\FX.MotorCambio.Commands\FX.MotorCambio.Commands.csproj", "{F0F9ADC6-8CF6-4F50-8647-A1D05591C91C}"
EndProject
Project("{FAE04EC0-301F-11D3-BF4B-00C04F79EFBC}") = "FX.MotorCambio.WebApp", "Presentation\FX.MotorCambio.WebApp\FX.MotorCambio.WebApp.csproj", "{E71E36C5-7E9C-4946-8494-E6B73C0C1829}"
EndProject
Project("{2150E333-8FDC-42A3-9474-1A3956D46DE8}") = "AccountBalance", "AccountBalance", "{80CA3BE9-61D6-49D3-9AC7-DE2941CDFF4B}"
EndProject
Project("{FAE04EC0-301F-11D3-BF4B-00C04F79EFBC}") = "AccountBalanceService.Contracts", "Interfaces\AccountBalance\AccountBalanceService.Contracts\AccountBalanceService.Contracts.csproj", "{4F1A4D13-2BFC-4913-B2F7-8DEB1302004C}"
EndProject
Project("{FAE04EC0-301F-11D3-BF4B-00C04F79EFBC}") = "FX.MotorCambio.MQAccess", "Infrastructure\FX.MotorCambio.MQAccess\FX.MotorCambio.MQAccess.csproj", "{03A36E65-45C2-4FB8-A55D-BB7241A0DB73}"
EndProject
Project("{2150E333-8FDC-42A3-9474-1A3956D46DE8}") = "PaymentsModule", "PaymentsModule", "{3749E18F-E207-4535-9E0A-86C45A680594}"
EndProject
Project("{9A19103F-16F7-4668-BE54-9A1E7A4F7556}") = "Pactual.FICC.Payments", "FICC-Payments\src\Pactual.FICC.Payments\Pactual.FICC.Payments.csproj", "{5C8496DD-A45D-4B7E-9184-60A0D6946B4D}"
EndProject
Project("{FAE04EC0-301F-11D3-BF4B-00C04F79EFBC}") = "FX.MotorCambio.PaymentsModule.WebApi", "Interfaces\FX.MotorCambio.PaymentsModule.WebApi\FX.MotorCambio.PaymentsModule.WebApi.csproj", "{BEA7141D-2325-4054-ABB8-BFCDF1CD624F}"
EndProject
Project("{FAE04EC0-301F-11D3-BF4B-00C04F79EFBC}") = "FX.MotorCambio.PaymentsModule.Client", "Interfaces\FX.MotorCambio.PaymentsModule.Client\FX.MotorCambio.PaymentsModule.Client.csproj", "{BA0C27C4-40D4-42BC-A7E3-9C5759C1FABA}"
EndProject
Project("{2150E333-8FDC-42A3-9474-1A3956D46DE8}") = "Test", "Test", "{2B7C876B-38CB-454C-8315-F9512C451048}"
EndProject
Project("{FAE04EC0-301F-11D3-BF4B-00C04F79EFBC}") = "FX.MotorCambio.Unit.Test", "Test\FX.MotorCambio.Unit.Test\FX.MotorCambio.Unit.Test.csproj", "{6020FC66-AE34-4851-B9D4-03B3E0986EB4}"
EndProject
Project("{FAE04EC0-301F-11D3-BF4B-00C04F79EFBC}") = "FX.MotorCambio.Mock.Test", "Test\FX.MotorCambio.Mock.Test\FX.MotorCambio.Mock.Test.csproj", "{C0DED0FD-1310-4624-9CA2-62A90BB3B073}"
EndProject
Project("{2150E333-8FDC-42A3-9474-1A3956D46DE8}") = "OnshoreCashAccount", "OnshoreCashAccount", "{5354B558-3A30-49CB-8B14-53B3D899B61F}"
EndProject
Project("{FAE04EC0-301F-11D3-BF4B-00C04F79EFBC}") = "CashAccountService", "Interfaces\OnshoreCashAccount\CashAccountService\CashAccountService.csproj", "{30F3677C-BA7E-4740-B0AC-5B471499119F}"
EndProject
Project("{2150E333-8FDC-42A3-9474-1A3956D46DE8}") = "CalendarAws", "CalendarAws", "{2E5CEFDF-AE43-4014-A0DD-5CD2E2D2B5B7}"
EndProject
Project("{FAE04EC0-301F-11D3-BF4B-00C04F79EFBC}") = "FX.MotorCambio.CalendarAws.Service", "Interfaces\CalendarAws.Service\FX.MotorCambio.CalendarAws.Service.csproj", "{35EBBADA-2D05-417D-887C-4C8288E1341A}"
EndProject
Project("{FAE04EC0-301F-11D3-BF4B-00C04F79EFBC}") = "FX.MotorCambio.PayerReceiverAws.Service", "Interfaces\FX.MotorCambio.PayerReceiverAws.Service\FX.MotorCambio.PayerReceiverAws.Service.csproj", "{CA9BA476-402F-4626-97D4-FC7641B90C1E}"
EndProject
Project("{2150E333-8FDC-42A3-9474-1A3956D46DE8}") = "PayerReceiverAws", "PayerReceiverAws", "{F89E386E-D2F8-483D-910F-13639D417BE2}"
EndProject
Project("{FAE04EC0-301F-11D3-BF4B-00C04F79EFBC}") = "FX.MotorCambio.PayerReceiverAws.Contracts", "Interfaces\FX.MotorCambio.PayerReceiverAws.Contracts\FX.MotorCambio.PayerReceiverAws.Contracts.csproj", "{8BF5C43D-C668-4801-8B64-C03E22C18AE1}"
EndProject
Project("{2150E333-8FDC-42A3-9474-1A3956D46DE8}") = "SiscomexAws", "SiscomexAws", "{EEE681AC-62D3-4CF6-BB11-7D4EBC659C26}"
EndProject
Project("{FAE04EC0-301F-11D3-BF4B-00C04F79EFBC}") = "FX.MotorCambio.SiscomexAws.Client", "Interfaces\SiscomexAws\FX.MotorCambio.SiscomexAws.Client\FX.MotorCambio.SiscomexAws.Client.csproj", "{433F0F65-C95A-418E-8016-7BD8FD928FA6}"
EndProject
Project("{FAE04EC0-301F-11D3-BF4B-00C04F79EFBC}") = "FX.MotorCambio.SiscomexAws.Contracts", "Interfaces\SiscomexAws\FX.MotorCambio.SiscomexAws.Contracts\FX.MotorCambio.SiscomexAws.Contracts.csproj", "{EA6BBF9D-885A-46CB-8B64-1C1C7F1B47FE}"
EndProject
Project("{9A19103F-16F7-4668-BE54-9A1E7A4F7556}") = "FX.MotorCambio.Selenium.Test", "Test\FX.MotorCambio.Selenium.Test\FX.MotorCambio.Selenium.Test.csproj", "{16157D6C-F8FE-48B4-994A-1C59DDFF4C47}"
EndProject
Project("{FAE04EC0-301F-11D3-BF4B-00C04F79EFBC}") = "FX.MotorCambio.OrderDefault", "Interfaces\FX.MotorCambio.OrderDefault\FX.MotorCambio.OrderDefault.csproj", "{2C96ABFA-8455-45DB-B42D-0B0FDD7591B7}"
EndProject
Project("{2150E333-8FDC-42A3-9474-1A3956D46DE8}") = "OrderDefault", "OrderDefault", "{A3F7124B-6D8E-43B8-B9BB-09AD7C93ACC7}"
EndProject
Project("{2150E333-8FDC-42A3-9474-1A3956D46DE8}") = "CamMessage", "CamMessage", "{73E0A090-0D16-4EDE-BB35-1D32E37FAD58}"
EndProject
Project("{FAE04EC0-301F-11D3-BF4B-00C04F79EFBC}") = "FX.MotorCambio.CamMessage.Client", "Interfaces\FX.MotorCambio.CamMessage.Client\FX.MotorCambio.CamMessage.Client.csproj", "{E587C209-1A0D-42E2-8B7D-D1875C84AB3A}"
EndProject
Project("{2150E333-8FDC-42A3-9474-1A3956D46DE8}") = "DomainAws", "DomainAws", "{EBB4AD0B-7EEB-42DC-8F36-612469CEF0C1}"
EndProject
Project("{FAE04EC0-301F-11D3-BF4B-00C04F79EFBC}") = "FX.MotorCambio.DomainAws.Service", "Interfaces\FX.MotorCambio.DomainAws.Service\FX.MotorCambio.DomainAws.Service.csproj", "{0E0C1D8F-2325-4EBE-B6A5-EA60B6DC88B5}"
EndProject
Project("{FAE04EC0-301F-11D3-BF4B-00C04F79EFBC}") = "FX.MotorCambio.Exchange.MonitorTradeService", "Interfaces\FX.MotorCambio.Exchange.MonitorDuplicate\FX.MotorCambio.Exchange.MonitorTradeService.csproj", "{BC515BCF-26AC-41F2-925E-493C3BA49735}"
EndProject
Project("{2150E333-8FDC-42A3-9474-1A3956D46DE8}") = "Swift", "Swift", "{34DF7C47-7356-4A6C-ADD6-A27EC0590555}"
EndProject
Project("{FAE04EC0-301F-11D3-BF4B-00C04F79EFBC}") = "FX.MotorCambio.SwiftGpiApi", "Interfaces\FX.MotorCambio.SwiftGpiApi\FX.MotorCambio.SwiftGpiApi.csproj", "{3B2EE036-B3CA-48D4-8888-C3D26A94EC5C}"
EndProject
Project("{FAE04EC0-301F-11D3-BF4B-00C04F79EFBC}") = "AccountBalancePoloService.Client", "Interfaces\AccountBalance\AccountBalancePoloService.Client\AccountBalancePoloService.Client.csproj", "{9C62579E-BA61-46AF-99CA-FF3EA969F9EB}"
EndProject
Project("{9A19103F-16F7-4668-BE54-9A1E7A4F7556}") = "Fx.MotorCambio.MotorCambioClient", "Interfaces\Fx.MotorCambio.MotorCambioClient\Fx.MotorCambio.MotorCambioClient.csproj", "{EC14E43F-A30A-4B9D-BCFA-40C6985A9B3C}"
EndProject
Project("{2150E333-8FDC-42A3-9474-1A3956D46DE8}") = "MotorCambioClient", "MotorCambioClient", "{7D1F2FAC-A2B5-4EA7-A1A9-499218B81214}"
EndProject
Project("{2150E333-8FDC-42A3-9474-1A3956D46DE8}") = "OperationTracking", "OperationTracking", "{6DA2F59B-629D-4640-9AEA-E36D7E88E789}"
EndProject
Project("{FAE04EC0-301F-11D3-BF4B-00C04F79EFBC}") = "FX.MotorCambio.OperationTrackingApi", "Interfaces\FX.MotorCambio.OperationTrackingApi\FX.MotorCambio.OperationTrackingApi.csproj", "{0662B21B-9BE8-4B39-9C7D-ACC04A8EE9A2}"
EndProject
Project("{FAE04EC0-301F-11D3-BF4B-00C04F79EFBC}") = "AccountBalanceBaseService.Client", "Interfaces\AccountBalance\AccountBalanceBaseService.Client\AccountBalanceBaseService.Client.csproj", "{21115D34-9C54-4D72-A610-7F82DD66EE0F}"
EndProject
Project("{FAE04EC0-301F-11D3-BF4B-00C04F79EFBC}") = "AccountBalanceMoMoService.Client", "Interfaces\AccountBalance\AccountBalanceMoMoService.Client\AccountBalanceMoMoService.Client.csproj", "{ACC42606-969A-4713-B422-F2728ECB69CB}"
EndProject
Project("{9A19103F-16F7-4668-BE54-9A1E7A4F7556}") = "FX.MotorCambio.PaymentsModule.Test", "FX.MotorCambio.PaymentsModule.Test\FX.MotorCambio.PaymentsModule.Test.csproj", "{1F6DD6DB-F64E-444F-A134-332CBA45D57F}"
EndProject
Global
	GlobalSection(SolutionConfigurationPlatforms) = preSolution
		Debug|Any CPU = Debug|Any CPU
		DEV|Any CPU = DEV|Any CPU
		Local|Any CPU = Local|Any CPU
		PROD|Any CPU = PROD|Any CPU
		Release|Any CPU = Release|Any CPU
		UAT_Digital|Any CPU = UAT_Digital|Any CPU
		UAT|Any CPU = UAT|Any CPU
	EndGlobalSection
	GlobalSection(ProjectConfigurationPlatforms) = postSolution
		{063683A0-0DBE-4B82-9C3D-114CC3293E4F}.Debug|Any CPU.ActiveCfg = Debug|Any CPU
		{063683A0-0DBE-4B82-9C3D-114CC3293E4F}.Debug|Any CPU.Build.0 = Debug|Any CPU
		{063683A0-0DBE-4B82-9C3D-114CC3293E4F}.DEV|Any CPU.ActiveCfg = DEV|Any CPU
		{063683A0-0DBE-4B82-9C3D-114CC3293E4F}.DEV|Any CPU.Build.0 = DEV|Any CPU
		{063683A0-0DBE-4B82-9C3D-114CC3293E4F}.Local|Any CPU.ActiveCfg = PROD|Any CPU
		{063683A0-0DBE-4B82-9C3D-114CC3293E4F}.Local|Any CPU.Build.0 = PROD|Any CPU
		{063683A0-0DBE-4B82-9C3D-114CC3293E4F}.PROD|Any CPU.ActiveCfg = Debug|Any CPU
		{063683A0-0DBE-4B82-9C3D-114CC3293E4F}.PROD|Any CPU.Build.0 = Debug|Any CPU
		{063683A0-0DBE-4B82-9C3D-114CC3293E4F}.Release|Any CPU.ActiveCfg = Release|Any CPU
		{063683A0-0DBE-4B82-9C3D-114CC3293E4F}.Release|Any CPU.Build.0 = Release|Any CPU
		{063683A0-0DBE-4B82-9C3D-114CC3293E4F}.UAT_Digital|Any CPU.ActiveCfg = UAT|Any CPU
		{063683A0-0DBE-4B82-9C3D-114CC3293E4F}.UAT_Digital|Any CPU.Build.0 = UAT|Any CPU
		{063683A0-0DBE-4B82-9C3D-114CC3293E4F}.UAT|Any CPU.ActiveCfg = UAT|Any CPU
		{063683A0-0DBE-4B82-9C3D-114CC3293E4F}.UAT|Any CPU.Build.0 = UAT|Any CPU
		{F74B7134-96E6-47A9-A024-9BCF11033EF8}.Debug|Any CPU.ActiveCfg = Debug|Any CPU
		{F74B7134-96E6-47A9-A024-9BCF11033EF8}.Debug|Any CPU.Build.0 = Debug|Any CPU
		{F74B7134-96E6-47A9-A024-9BCF11033EF8}.DEV|Any CPU.ActiveCfg = DEV|Any CPU
		{F74B7134-96E6-47A9-A024-9BCF11033EF8}.DEV|Any CPU.Build.0 = DEV|Any CPU
		{F74B7134-96E6-47A9-A024-9BCF11033EF8}.Local|Any CPU.ActiveCfg = PROD|Any CPU
		{F74B7134-96E6-47A9-A024-9BCF11033EF8}.Local|Any CPU.Build.0 = PROD|Any CPU
		{F74B7134-96E6-47A9-A024-9BCF11033EF8}.PROD|Any CPU.ActiveCfg = Debug|Any CPU
		{F74B7134-96E6-47A9-A024-9BCF11033EF8}.PROD|Any CPU.Build.0 = Debug|Any CPU
		{F74B7134-96E6-47A9-A024-9BCF11033EF8}.Release|Any CPU.ActiveCfg = Release|Any CPU
		{F74B7134-96E6-47A9-A024-9BCF11033EF8}.Release|Any CPU.Build.0 = Release|Any CPU
		{F74B7134-96E6-47A9-A024-9BCF11033EF8}.UAT_Digital|Any CPU.ActiveCfg = UAT|Any CPU
		{F74B7134-96E6-47A9-A024-9BCF11033EF8}.UAT_Digital|Any CPU.Build.0 = UAT|Any CPU
		{F74B7134-96E6-47A9-A024-9BCF11033EF8}.UAT|Any CPU.ActiveCfg = UAT|Any CPU
		{F74B7134-96E6-47A9-A024-9BCF11033EF8}.UAT|Any CPU.Build.0 = UAT|Any CPU
		{98FF1FF2-CAFF-4D22-B0CE-4EB847587521}.Debug|Any CPU.ActiveCfg = Debug|Any CPU
		{98FF1FF2-CAFF-4D22-B0CE-4EB847587521}.Debug|Any CPU.Build.0 = Debug|Any CPU
		{98FF1FF2-CAFF-4D22-B0CE-4EB847587521}.DEV|Any CPU.ActiveCfg = DEV|Any CPU
		{98FF1FF2-CAFF-4D22-B0CE-4EB847587521}.DEV|Any CPU.Build.0 = DEV|Any CPU
		{98FF1FF2-CAFF-4D22-B0CE-4EB847587521}.Local|Any CPU.ActiveCfg = PROD|Any CPU
		{98FF1FF2-CAFF-4D22-B0CE-4EB847587521}.Local|Any CPU.Build.0 = PROD|Any CPU
		{98FF1FF2-CAFF-4D22-B0CE-4EB847587521}.PROD|Any CPU.ActiveCfg = Debug|Any CPU
		{98FF1FF2-CAFF-4D22-B0CE-4EB847587521}.PROD|Any CPU.Build.0 = Debug|Any CPU
		{98FF1FF2-CAFF-4D22-B0CE-4EB847587521}.Release|Any CPU.ActiveCfg = Release|Any CPU
		{98FF1FF2-CAFF-4D22-B0CE-4EB847587521}.Release|Any CPU.Build.0 = Release|Any CPU
		{98FF1FF2-CAFF-4D22-B0CE-4EB847587521}.UAT_Digital|Any CPU.ActiveCfg = UAT|Any CPU
		{98FF1FF2-CAFF-4D22-B0CE-4EB847587521}.UAT_Digital|Any CPU.Build.0 = UAT|Any CPU
		{98FF1FF2-CAFF-4D22-B0CE-4EB847587521}.UAT|Any CPU.ActiveCfg = UAT|Any CPU
		{98FF1FF2-CAFF-4D22-B0CE-4EB847587521}.UAT|Any CPU.Build.0 = UAT|Any CPU
		{6683DCAB-A406-484B-8604-44D134634EDE}.Debug|Any CPU.ActiveCfg = Debug|Any CPU
		{6683DCAB-A406-484B-8604-44D134634EDE}.Debug|Any CPU.Build.0 = Debug|Any CPU
		{6683DCAB-A406-484B-8604-44D134634EDE}.DEV|Any CPU.ActiveCfg = DEV|Any CPU
		{6683DCAB-A406-484B-8604-44D134634EDE}.DEV|Any CPU.Build.0 = DEV|Any CPU
		{6683DCAB-A406-484B-8604-44D134634EDE}.Local|Any CPU.ActiveCfg = PROD|Any CPU
		{6683DCAB-A406-484B-8604-44D134634EDE}.Local|Any CPU.Build.0 = PROD|Any CPU
		{6683DCAB-A406-484B-8604-44D134634EDE}.PROD|Any CPU.ActiveCfg = Debug|Any CPU
		{6683DCAB-A406-484B-8604-44D134634EDE}.PROD|Any CPU.Build.0 = Debug|Any CPU
		{6683DCAB-A406-484B-8604-44D134634EDE}.Release|Any CPU.ActiveCfg = Release|Any CPU
		{6683DCAB-A406-484B-8604-44D134634EDE}.Release|Any CPU.Build.0 = Release|Any CPU
		{6683DCAB-A406-484B-8604-44D134634EDE}.UAT_Digital|Any CPU.ActiveCfg = UAT|Any CPU
		{6683DCAB-A406-484B-8604-44D134634EDE}.UAT_Digital|Any CPU.Build.0 = UAT|Any CPU
		{6683DCAB-A406-484B-8604-44D134634EDE}.UAT|Any CPU.ActiveCfg = UAT|Any CPU
		{6683DCAB-A406-484B-8604-44D134634EDE}.UAT|Any CPU.Build.0 = UAT|Any CPU
		{0EB61643-2459-4C7C-8A9E-6141120BAD24}.Debug|Any CPU.ActiveCfg = Debug|Any CPU
		{0EB61643-2459-4C7C-8A9E-6141120BAD24}.Debug|Any CPU.Build.0 = Debug|Any CPU
		{0EB61643-2459-4C7C-8A9E-6141120BAD24}.DEV|Any CPU.ActiveCfg = DEV|Any CPU
		{0EB61643-2459-4C7C-8A9E-6141120BAD24}.DEV|Any CPU.Build.0 = DEV|Any CPU
		{0EB61643-2459-4C7C-8A9E-6141120BAD24}.Local|Any CPU.ActiveCfg = PROD|Any CPU
		{0EB61643-2459-4C7C-8A9E-6141120BAD24}.Local|Any CPU.Build.0 = PROD|Any CPU
		{0EB61643-2459-4C7C-8A9E-6141120BAD24}.PROD|Any CPU.ActiveCfg = Debug|Any CPU
		{0EB61643-2459-4C7C-8A9E-6141120BAD24}.PROD|Any CPU.Build.0 = Debug|Any CPU
		{0EB61643-2459-4C7C-8A9E-6141120BAD24}.Release|Any CPU.ActiveCfg = Release|Any CPU
		{0EB61643-2459-4C7C-8A9E-6141120BAD24}.Release|Any CPU.Build.0 = Release|Any CPU
		{0EB61643-2459-4C7C-8A9E-6141120BAD24}.UAT_Digital|Any CPU.ActiveCfg = UAT|Any CPU
		{0EB61643-2459-4C7C-8A9E-6141120BAD24}.UAT_Digital|Any CPU.Build.0 = UAT|Any CPU
		{0EB61643-2459-4C7C-8A9E-6141120BAD24}.UAT|Any CPU.ActiveCfg = UAT|Any CPU
		{0EB61643-2459-4C7C-8A9E-6141120BAD24}.UAT|Any CPU.Build.0 = UAT|Any CPU
		{24B35D0C-EDC2-4AFA-81A9-2101A7DC6FEB}.Debug|Any CPU.ActiveCfg = Debug|Any CPU
		{24B35D0C-EDC2-4AFA-81A9-2101A7DC6FEB}.Debug|Any CPU.Build.0 = Debug|Any CPU
		{24B35D0C-EDC2-4AFA-81A9-2101A7DC6FEB}.DEV|Any CPU.ActiveCfg = DEV|Any CPU
		{24B35D0C-EDC2-4AFA-81A9-2101A7DC6FEB}.DEV|Any CPU.Build.0 = DEV|Any CPU
		{24B35D0C-EDC2-4AFA-81A9-2101A7DC6FEB}.Local|Any CPU.ActiveCfg = PROD|Any CPU
		{24B35D0C-EDC2-4AFA-81A9-2101A7DC6FEB}.Local|Any CPU.Build.0 = PROD|Any CPU
		{24B35D0C-EDC2-4AFA-81A9-2101A7DC6FEB}.PROD|Any CPU.ActiveCfg = Debug|Any CPU
		{24B35D0C-EDC2-4AFA-81A9-2101A7DC6FEB}.PROD|Any CPU.Build.0 = Debug|Any CPU
		{24B35D0C-EDC2-4AFA-81A9-2101A7DC6FEB}.Release|Any CPU.ActiveCfg = Release|Any CPU
		{24B35D0C-EDC2-4AFA-81A9-2101A7DC6FEB}.Release|Any CPU.Build.0 = Release|Any CPU
		{24B35D0C-EDC2-4AFA-81A9-2101A7DC6FEB}.UAT_Digital|Any CPU.ActiveCfg = UAT|Any CPU
		{24B35D0C-EDC2-4AFA-81A9-2101A7DC6FEB}.UAT_Digital|Any CPU.Build.0 = UAT|Any CPU
		{24B35D0C-EDC2-4AFA-81A9-2101A7DC6FEB}.UAT|Any CPU.ActiveCfg = UAT|Any CPU
		{24B35D0C-EDC2-4AFA-81A9-2101A7DC6FEB}.UAT|Any CPU.Build.0 = UAT|Any CPU
		{3DF51390-C1D8-486D-B0CE-2C2106ED32A4}.Debug|Any CPU.ActiveCfg = Debug|Any CPU
		{3DF51390-C1D8-486D-B0CE-2C2106ED32A4}.Debug|Any CPU.Build.0 = Debug|Any CPU
		{3DF51390-C1D8-486D-B0CE-2C2106ED32A4}.DEV|Any CPU.ActiveCfg = DEV|Any CPU
		{3DF51390-C1D8-486D-B0CE-2C2106ED32A4}.DEV|Any CPU.Build.0 = DEV|Any CPU
		{3DF51390-C1D8-486D-B0CE-2C2106ED32A4}.Local|Any CPU.ActiveCfg = PROD|Any CPU
		{3DF51390-C1D8-486D-B0CE-2C2106ED32A4}.Local|Any CPU.Build.0 = PROD|Any CPU
		{3DF51390-C1D8-486D-B0CE-2C2106ED32A4}.PROD|Any CPU.ActiveCfg = Debug|Any CPU
		{3DF51390-C1D8-486D-B0CE-2C2106ED32A4}.PROD|Any CPU.Build.0 = Debug|Any CPU
		{3DF51390-C1D8-486D-B0CE-2C2106ED32A4}.Release|Any CPU.ActiveCfg = Release|Any CPU
		{3DF51390-C1D8-486D-B0CE-2C2106ED32A4}.Release|Any CPU.Build.0 = Release|Any CPU
		{3DF51390-C1D8-486D-B0CE-2C2106ED32A4}.UAT_Digital|Any CPU.ActiveCfg = UAT|Any CPU
		{3DF51390-C1D8-486D-B0CE-2C2106ED32A4}.UAT_Digital|Any CPU.Build.0 = UAT|Any CPU
		{3DF51390-C1D8-486D-B0CE-2C2106ED32A4}.UAT|Any CPU.ActiveCfg = UAT|Any CPU
		{3DF51390-C1D8-486D-B0CE-2C2106ED32A4}.UAT|Any CPU.Build.0 = UAT|Any CPU
		{207C4BD7-573A-41BA-8312-87BA6A15EBCB}.Debug|Any CPU.ActiveCfg = Debug|Any CPU
		{207C4BD7-573A-41BA-8312-87BA6A15EBCB}.Debug|Any CPU.Build.0 = Debug|Any CPU
		{207C4BD7-573A-41BA-8312-87BA6A15EBCB}.DEV|Any CPU.ActiveCfg = DEV|Any CPU
		{207C4BD7-573A-41BA-8312-87BA6A15EBCB}.DEV|Any CPU.Build.0 = DEV|Any CPU
		{207C4BD7-573A-41BA-8312-87BA6A15EBCB}.Local|Any CPU.ActiveCfg = PROD|Any CPU
		{207C4BD7-573A-41BA-8312-87BA6A15EBCB}.Local|Any CPU.Build.0 = PROD|Any CPU
		{207C4BD7-573A-41BA-8312-87BA6A15EBCB}.PROD|Any CPU.ActiveCfg = Debug|Any CPU
		{207C4BD7-573A-41BA-8312-87BA6A15EBCB}.PROD|Any CPU.Build.0 = Debug|Any CPU
		{207C4BD7-573A-41BA-8312-87BA6A15EBCB}.Release|Any CPU.ActiveCfg = Release|Any CPU
		{207C4BD7-573A-41BA-8312-87BA6A15EBCB}.Release|Any CPU.Build.0 = Release|Any CPU
		{207C4BD7-573A-41BA-8312-87BA6A15EBCB}.UAT_Digital|Any CPU.ActiveCfg = UAT|Any CPU
		{207C4BD7-573A-41BA-8312-87BA6A15EBCB}.UAT_Digital|Any CPU.Build.0 = UAT|Any CPU
		{207C4BD7-573A-41BA-8312-87BA6A15EBCB}.UAT|Any CPU.ActiveCfg = UAT|Any CPU
		{207C4BD7-573A-41BA-8312-87BA6A15EBCB}.UAT|Any CPU.Build.0 = UAT|Any CPU
		{2ACE3A08-45C3-47AA-B504-59EFCA943A3B}.Debug|Any CPU.ActiveCfg = Debug|Any CPU
		{2ACE3A08-45C3-47AA-B504-59EFCA943A3B}.Debug|Any CPU.Build.0 = Debug|Any CPU
		{2ACE3A08-45C3-47AA-B504-59EFCA943A3B}.DEV|Any CPU.ActiveCfg = DEV|Any CPU
		{2ACE3A08-45C3-47AA-B504-59EFCA943A3B}.DEV|Any CPU.Build.0 = DEV|Any CPU
		{2ACE3A08-45C3-47AA-B504-59EFCA943A3B}.Local|Any CPU.ActiveCfg = PROD|Any CPU
		{2ACE3A08-45C3-47AA-B504-59EFCA943A3B}.Local|Any CPU.Build.0 = PROD|Any CPU
		{2ACE3A08-45C3-47AA-B504-59EFCA943A3B}.PROD|Any CPU.ActiveCfg = Debug|Any CPU
		{2ACE3A08-45C3-47AA-B504-59EFCA943A3B}.PROD|Any CPU.Build.0 = Debug|Any CPU
		{2ACE3A08-45C3-47AA-B504-59EFCA943A3B}.Release|Any CPU.ActiveCfg = Release|Any CPU
		{2ACE3A08-45C3-47AA-B504-59EFCA943A3B}.Release|Any CPU.Build.0 = Release|Any CPU
		{2ACE3A08-45C3-47AA-B504-59EFCA943A3B}.UAT_Digital|Any CPU.ActiveCfg = UAT|Any CPU
		{2ACE3A08-45C3-47AA-B504-59EFCA943A3B}.UAT_Digital|Any CPU.Build.0 = UAT|Any CPU
		{2ACE3A08-45C3-47AA-B504-59EFCA943A3B}.UAT|Any CPU.ActiveCfg = UAT|Any CPU
		{2ACE3A08-45C3-47AA-B504-59EFCA943A3B}.UAT|Any CPU.Build.0 = UAT|Any CPU
		{7374B65F-5E70-4BDB-A035-FCCF989A10CD}.Debug|Any CPU.ActiveCfg = Debug|Any CPU
		{7374B65F-5E70-4BDB-A035-FCCF989A10CD}.Debug|Any CPU.Build.0 = Debug|Any CPU
		{7374B65F-5E70-4BDB-A035-FCCF989A10CD}.DEV|Any CPU.ActiveCfg = DEV|Any CPU
		{7374B65F-5E70-4BDB-A035-FCCF989A10CD}.DEV|Any CPU.Build.0 = DEV|Any CPU
		{7374B65F-5E70-4BDB-A035-FCCF989A10CD}.Local|Any CPU.ActiveCfg = PROD|Any CPU
		{7374B65F-5E70-4BDB-A035-FCCF989A10CD}.Local|Any CPU.Build.0 = PROD|Any CPU
		{7374B65F-5E70-4BDB-A035-FCCF989A10CD}.PROD|Any CPU.ActiveCfg = Debug|Any CPU
		{7374B65F-5E70-4BDB-A035-FCCF989A10CD}.PROD|Any CPU.Build.0 = Debug|Any CPU
		{7374B65F-5E70-4BDB-A035-FCCF989A10CD}.Release|Any CPU.ActiveCfg = Release|Any CPU
		{7374B65F-5E70-4BDB-A035-FCCF989A10CD}.Release|Any CPU.Build.0 = Release|Any CPU
		{7374B65F-5E70-4BDB-A035-FCCF989A10CD}.UAT_Digital|Any CPU.ActiveCfg = UAT|Any CPU
		{7374B65F-5E70-4BDB-A035-FCCF989A10CD}.UAT_Digital|Any CPU.Build.0 = UAT|Any CPU
		{7374B65F-5E70-4BDB-A035-FCCF989A10CD}.UAT|Any CPU.ActiveCfg = UAT|Any CPU
		{7374B65F-5E70-4BDB-A035-FCCF989A10CD}.UAT|Any CPU.Build.0 = UAT|Any CPU
		{29A1B52F-4EF9-463E-AAFA-FED69D7F1657}.Debug|Any CPU.ActiveCfg = Debug|Any CPU
		{29A1B52F-4EF9-463E-AAFA-FED69D7F1657}.Debug|Any CPU.Build.0 = Debug|Any CPU
		{29A1B52F-4EF9-463E-AAFA-FED69D7F1657}.DEV|Any CPU.ActiveCfg = DEV|Any CPU
		{29A1B52F-4EF9-463E-AAFA-FED69D7F1657}.DEV|Any CPU.Build.0 = DEV|Any CPU
		{29A1B52F-4EF9-463E-AAFA-FED69D7F1657}.Local|Any CPU.ActiveCfg = PROD|Any CPU
		{29A1B52F-4EF9-463E-AAFA-FED69D7F1657}.Local|Any CPU.Build.0 = PROD|Any CPU
		{29A1B52F-4EF9-463E-AAFA-FED69D7F1657}.PROD|Any CPU.ActiveCfg = Debug|Any CPU
		{29A1B52F-4EF9-463E-AAFA-FED69D7F1657}.PROD|Any CPU.Build.0 = Debug|Any CPU
		{29A1B52F-4EF9-463E-AAFA-FED69D7F1657}.Release|Any CPU.ActiveCfg = Release|Any CPU
		{29A1B52F-4EF9-463E-AAFA-FED69D7F1657}.Release|Any CPU.Build.0 = Release|Any CPU
		{29A1B52F-4EF9-463E-AAFA-FED69D7F1657}.UAT_Digital|Any CPU.ActiveCfg = UAT|Any CPU
		{29A1B52F-4EF9-463E-AAFA-FED69D7F1657}.UAT_Digital|Any CPU.Build.0 = UAT|Any CPU
		{29A1B52F-4EF9-463E-AAFA-FED69D7F1657}.UAT|Any CPU.ActiveCfg = UAT|Any CPU
		{29A1B52F-4EF9-463E-AAFA-FED69D7F1657}.UAT|Any CPU.Build.0 = UAT|Any CPU
		{F81ADBB3-0C3D-4B76-B86E-C5BADED843F3}.Debug|Any CPU.ActiveCfg = Debug|Any CPU
		{F81ADBB3-0C3D-4B76-B86E-C5BADED843F3}.Debug|Any CPU.Build.0 = Debug|Any CPU
		{F81ADBB3-0C3D-4B76-B86E-C5BADED843F3}.DEV|Any CPU.ActiveCfg = Debug|Any CPU
		{F81ADBB3-0C3D-4B76-B86E-C5BADED843F3}.DEV|Any CPU.Build.0 = Debug|Any CPU
		{F81ADBB3-0C3D-4B76-B86E-C5BADED843F3}.Local|Any CPU.ActiveCfg = Release|Any CPU
		{F81ADBB3-0C3D-4B76-B86E-C5BADED843F3}.Local|Any CPU.Build.0 = Release|Any CPU
		{F81ADBB3-0C3D-4B76-B86E-C5BADED843F3}.PROD|Any CPU.ActiveCfg = Release|Any CPU
		{F81ADBB3-0C3D-4B76-B86E-C5BADED843F3}.PROD|Any CPU.Build.0 = Release|Any CPU
		{F81ADBB3-0C3D-4B76-B86E-C5BADED843F3}.Release|Any CPU.ActiveCfg = Release|Any CPU
		{F81ADBB3-0C3D-4B76-B86E-C5BADED843F3}.Release|Any CPU.Build.0 = Release|Any CPU
		{F81ADBB3-0C3D-4B76-B86E-C5BADED843F3}.UAT_Digital|Any CPU.ActiveCfg = Release|Any CPU
		{F81ADBB3-0C3D-4B76-B86E-C5BADED843F3}.UAT_Digital|Any CPU.Build.0 = Release|Any CPU
		{F81ADBB3-0C3D-4B76-B86E-C5BADED843F3}.UAT|Any CPU.ActiveCfg = Release|Any CPU
		{F81ADBB3-0C3D-4B76-B86E-C5BADED843F3}.UAT|Any CPU.Build.0 = Release|Any CPU
		{5A740F9A-2259-4533-BA47-6AA94EF0A214}.Debug|Any CPU.ActiveCfg = Debug|Any CPU
		{5A740F9A-2259-4533-BA47-6AA94EF0A214}.Debug|Any CPU.Build.0 = Debug|Any CPU
		{5A740F9A-2259-4533-BA47-6AA94EF0A214}.DEV|Any CPU.ActiveCfg = Debug|Any CPU
		{5A740F9A-2259-4533-BA47-6AA94EF0A214}.DEV|Any CPU.Build.0 = Debug|Any CPU
		{5A740F9A-2259-4533-BA47-6AA94EF0A214}.Local|Any CPU.ActiveCfg = Release|Any CPU
		{5A740F9A-2259-4533-BA47-6AA94EF0A214}.Local|Any CPU.Build.0 = Release|Any CPU
		{5A740F9A-2259-4533-BA47-6AA94EF0A214}.PROD|Any CPU.ActiveCfg = Release|Any CPU
		{5A740F9A-2259-4533-BA47-6AA94EF0A214}.PROD|Any CPU.Build.0 = Release|Any CPU
		{5A740F9A-2259-4533-BA47-6AA94EF0A214}.Release|Any CPU.ActiveCfg = Release|Any CPU
		{5A740F9A-2259-4533-BA47-6AA94EF0A214}.Release|Any CPU.Build.0 = Release|Any CPU
		{5A740F9A-2259-4533-BA47-6AA94EF0A214}.UAT_Digital|Any CPU.ActiveCfg = Release|Any CPU
		{5A740F9A-2259-4533-BA47-6AA94EF0A214}.UAT_Digital|Any CPU.Build.0 = Release|Any CPU
		{5A740F9A-2259-4533-BA47-6AA94EF0A214}.UAT|Any CPU.ActiveCfg = Release|Any CPU
		{5A740F9A-2259-4533-BA47-6AA94EF0A214}.UAT|Any CPU.Build.0 = Release|Any CPU
		{E8A68393-A88B-4FF6-838C-0857757882DE}.Debug|Any CPU.ActiveCfg = Debug|Any CPU
		{E8A68393-A88B-4FF6-838C-0857757882DE}.Debug|Any CPU.Build.0 = Debug|Any CPU
		{E8A68393-A88B-4FF6-838C-0857757882DE}.DEV|Any CPU.ActiveCfg = DEV|Any CPU
		{E8A68393-A88B-4FF6-838C-0857757882DE}.DEV|Any CPU.Build.0 = DEV|Any CPU
		{E8A68393-A88B-4FF6-838C-0857757882DE}.Local|Any CPU.ActiveCfg = UAT|Any CPU
		{E8A68393-A88B-4FF6-838C-0857757882DE}.Local|Any CPU.Build.0 = UAT|Any CPU
		{E8A68393-A88B-4FF6-838C-0857757882DE}.PROD|Any CPU.ActiveCfg = PROD|Any CPU
		{E8A68393-A88B-4FF6-838C-0857757882DE}.PROD|Any CPU.Build.0 = PROD|Any CPU
		{E8A68393-A88B-4FF6-838C-0857757882DE}.Release|Any CPU.ActiveCfg = Release|Any CPU
		{E8A68393-A88B-4FF6-838C-0857757882DE}.Release|Any CPU.Build.0 = Release|Any CPU
		{E8A68393-A88B-4FF6-838C-0857757882DE}.UAT_Digital|Any CPU.ActiveCfg = UAT|Any CPU
		{E8A68393-A88B-4FF6-838C-0857757882DE}.UAT_Digital|Any CPU.Build.0 = UAT|Any CPU
		{E8A68393-A88B-4FF6-838C-0857757882DE}.UAT|Any CPU.ActiveCfg = UAT|Any CPU
		{E8A68393-A88B-4FF6-838C-0857757882DE}.UAT|Any CPU.Build.0 = UAT|Any CPU
		{5C61AF5A-5AA5-4C24-BC86-BF68C6AC6DF9}.Debug|Any CPU.ActiveCfg = Debug|Any CPU
		{5C61AF5A-5AA5-4C24-BC86-BF68C6AC6DF9}.Debug|Any CPU.Build.0 = Debug|Any CPU
		{5C61AF5A-5AA5-4C24-BC86-BF68C6AC6DF9}.DEV|Any CPU.ActiveCfg = Debug|Any CPU
		{5C61AF5A-5AA5-4C24-BC86-BF68C6AC6DF9}.DEV|Any CPU.Build.0 = Debug|Any CPU
		{5C61AF5A-5AA5-4C24-BC86-BF68C6AC6DF9}.Local|Any CPU.ActiveCfg = Release|Any CPU
		{5C61AF5A-5AA5-4C24-BC86-BF68C6AC6DF9}.Local|Any CPU.Build.0 = Release|Any CPU
		{5C61AF5A-5AA5-4C24-BC86-BF68C6AC6DF9}.PROD|Any CPU.ActiveCfg = Release|Any CPU
		{5C61AF5A-5AA5-4C24-BC86-BF68C6AC6DF9}.PROD|Any CPU.Build.0 = Release|Any CPU
		{5C61AF5A-5AA5-4C24-BC86-BF68C6AC6DF9}.Release|Any CPU.ActiveCfg = Release|Any CPU
		{5C61AF5A-5AA5-4C24-BC86-BF68C6AC6DF9}.Release|Any CPU.Build.0 = Release|Any CPU
		{5C61AF5A-5AA5-4C24-BC86-BF68C6AC6DF9}.UAT_Digital|Any CPU.ActiveCfg = Release|Any CPU
		{5C61AF5A-5AA5-4C24-BC86-BF68C6AC6DF9}.UAT_Digital|Any CPU.Build.0 = Release|Any CPU
		{5C61AF5A-5AA5-4C24-BC86-BF68C6AC6DF9}.UAT|Any CPU.ActiveCfg = Release|Any CPU
		{5C61AF5A-5AA5-4C24-BC86-BF68C6AC6DF9}.UAT|Any CPU.Build.0 = Release|Any CPU
		{9C59E768-364E-4789-8E03-2A7C692AF4A7}.Debug|Any CPU.ActiveCfg = Debug|Any CPU
		{9C59E768-364E-4789-8E03-2A7C692AF4A7}.Debug|Any CPU.Build.0 = Debug|Any CPU
		{9C59E768-364E-4789-8E03-2A7C692AF4A7}.DEV|Any CPU.ActiveCfg = DEV|Any CPU
		{9C59E768-364E-4789-8E03-2A7C692AF4A7}.DEV|Any CPU.Build.0 = DEV|Any CPU
		{9C59E768-364E-4789-8E03-2A7C692AF4A7}.Local|Any CPU.ActiveCfg = UAT|Any CPU
		{9C59E768-364E-4789-8E03-2A7C692AF4A7}.Local|Any CPU.Build.0 = UAT|Any CPU
		{9C59E768-364E-4789-8E03-2A7C692AF4A7}.PROD|Any CPU.ActiveCfg = PROD|Any CPU
		{9C59E768-364E-4789-8E03-2A7C692AF4A7}.PROD|Any CPU.Build.0 = PROD|Any CPU
		{9C59E768-364E-4789-8E03-2A7C692AF4A7}.Release|Any CPU.ActiveCfg = Release|Any CPU
		{9C59E768-364E-4789-8E03-2A7C692AF4A7}.Release|Any CPU.Build.0 = Release|Any CPU
		{9C59E768-364E-4789-8E03-2A7C692AF4A7}.UAT_Digital|Any CPU.ActiveCfg = UAT|Any CPU
		{9C59E768-364E-4789-8E03-2A7C692AF4A7}.UAT_Digital|Any CPU.Build.0 = UAT|Any CPU
		{9C59E768-364E-4789-8E03-2A7C692AF4A7}.UAT|Any CPU.ActiveCfg = UAT|Any CPU
		{9C59E768-364E-4789-8E03-2A7C692AF4A7}.UAT|Any CPU.Build.0 = UAT|Any CPU
		{F0F9ADC6-8CF6-4F50-8647-A1D05591C91C}.Debug|Any CPU.ActiveCfg = Debug|Any CPU
		{F0F9ADC6-8CF6-4F50-8647-A1D05591C91C}.Debug|Any CPU.Build.0 = Debug|Any CPU
		{F0F9ADC6-8CF6-4F50-8647-A1D05591C91C}.DEV|Any CPU.ActiveCfg = Debug|Any CPU
		{F0F9ADC6-8CF6-4F50-8647-A1D05591C91C}.DEV|Any CPU.Build.0 = Debug|Any CPU
		{F0F9ADC6-8CF6-4F50-8647-A1D05591C91C}.Local|Any CPU.ActiveCfg = Release|Any CPU
		{F0F9ADC6-8CF6-4F50-8647-A1D05591C91C}.Local|Any CPU.Build.0 = Release|Any CPU
		{F0F9ADC6-8CF6-4F50-8647-A1D05591C91C}.PROD|Any CPU.ActiveCfg = Release|Any CPU
		{F0F9ADC6-8CF6-4F50-8647-A1D05591C91C}.PROD|Any CPU.Build.0 = Release|Any CPU
		{F0F9ADC6-8CF6-4F50-8647-A1D05591C91C}.Release|Any CPU.ActiveCfg = Release|Any CPU
		{F0F9ADC6-8CF6-4F50-8647-A1D05591C91C}.Release|Any CPU.Build.0 = Release|Any CPU
		{F0F9ADC6-8CF6-4F50-8647-A1D05591C91C}.UAT_Digital|Any CPU.ActiveCfg = Release|Any CPU
		{F0F9ADC6-8CF6-4F50-8647-A1D05591C91C}.UAT_Digital|Any CPU.Build.0 = Release|Any CPU
		{F0F9ADC6-8CF6-4F50-8647-A1D05591C91C}.UAT|Any CPU.ActiveCfg = Release|Any CPU
		{F0F9ADC6-8CF6-4F50-8647-A1D05591C91C}.UAT|Any CPU.Build.0 = Release|Any CPU
		{E71E36C5-7E9C-4946-8494-E6B73C0C1829}.Debug|Any CPU.ActiveCfg = Debug|Any CPU
		{E71E36C5-7E9C-4946-8494-E6B73C0C1829}.Debug|Any CPU.Build.0 = Debug|Any CPU
		{E71E36C5-7E9C-4946-8494-E6B73C0C1829}.DEV|Any CPU.ActiveCfg = Debug|Any CPU
		{E71E36C5-7E9C-4946-8494-E6B73C0C1829}.DEV|Any CPU.Build.0 = Debug|Any CPU
		{E71E36C5-7E9C-4946-8494-E6B73C0C1829}.Local|Any CPU.ActiveCfg = Release|Any CPU
		{E71E36C5-7E9C-4946-8494-E6B73C0C1829}.Local|Any CPU.Build.0 = Release|Any CPU
		{E71E36C5-7E9C-4946-8494-E6B73C0C1829}.PROD|Any CPU.ActiveCfg = Release|Any CPU
		{E71E36C5-7E9C-4946-8494-E6B73C0C1829}.PROD|Any CPU.Build.0 = Release|Any CPU
		{E71E36C5-7E9C-4946-8494-E6B73C0C1829}.Release|Any CPU.ActiveCfg = Release|Any CPU
		{E71E36C5-7E9C-4946-8494-E6B73C0C1829}.Release|Any CPU.Build.0 = Release|Any CPU
		{E71E36C5-7E9C-4946-8494-E6B73C0C1829}.UAT_Digital|Any CPU.ActiveCfg = Release|Any CPU
		{E71E36C5-7E9C-4946-8494-E6B73C0C1829}.UAT_Digital|Any CPU.Build.0 = Release|Any CPU
		{E71E36C5-7E9C-4946-8494-E6B73C0C1829}.UAT|Any CPU.ActiveCfg = Release|Any CPU
		{E71E36C5-7E9C-4946-8494-E6B73C0C1829}.UAT|Any CPU.Build.0 = Release|Any CPU
		{4F1A4D13-2BFC-4913-B2F7-8DEB1302004C}.Debug|Any CPU.ActiveCfg = Debug|Any CPU
		{4F1A4D13-2BFC-4913-B2F7-8DEB1302004C}.Debug|Any CPU.Build.0 = Debug|Any CPU
		{4F1A4D13-2BFC-4913-B2F7-8DEB1302004C}.DEV|Any CPU.ActiveCfg = Debug|Any CPU
		{4F1A4D13-2BFC-4913-B2F7-8DEB1302004C}.DEV|Any CPU.Build.0 = Debug|Any CPU
		{4F1A4D13-2BFC-4913-B2F7-8DEB1302004C}.Local|Any CPU.ActiveCfg = Release|Any CPU
		{4F1A4D13-2BFC-4913-B2F7-8DEB1302004C}.Local|Any CPU.Build.0 = Release|Any CPU
		{4F1A4D13-2BFC-4913-B2F7-8DEB1302004C}.PROD|Any CPU.ActiveCfg = Release|Any CPU
		{4F1A4D13-2BFC-4913-B2F7-8DEB1302004C}.PROD|Any CPU.Build.0 = Release|Any CPU
		{4F1A4D13-2BFC-4913-B2F7-8DEB1302004C}.Release|Any CPU.ActiveCfg = Release|Any CPU
		{4F1A4D13-2BFC-4913-B2F7-8DEB1302004C}.Release|Any CPU.Build.0 = Release|Any CPU
		{4F1A4D13-2BFC-4913-B2F7-8DEB1302004C}.UAT_Digital|Any CPU.ActiveCfg = Release|Any CPU
		{4F1A4D13-2BFC-4913-B2F7-8DEB1302004C}.UAT_Digital|Any CPU.Build.0 = Release|Any CPU
		{4F1A4D13-2BFC-4913-B2F7-8DEB1302004C}.UAT|Any CPU.ActiveCfg = Release|Any CPU
		{4F1A4D13-2BFC-4913-B2F7-8DEB1302004C}.UAT|Any CPU.Build.0 = Release|Any CPU
		{03A36E65-45C2-4FB8-A55D-BB7241A0DB73}.Debug|Any CPU.ActiveCfg = Debug|Any CPU
		{03A36E65-45C2-4FB8-A55D-BB7241A0DB73}.Debug|Any CPU.Build.0 = Debug|Any CPU
		{03A36E65-45C2-4FB8-A55D-BB7241A0DB73}.DEV|Any CPU.ActiveCfg = DEV|Any CPU
		{03A36E65-45C2-4FB8-A55D-BB7241A0DB73}.DEV|Any CPU.Build.0 = DEV|Any CPU
		{03A36E65-45C2-4FB8-A55D-BB7241A0DB73}.Local|Any CPU.ActiveCfg = UAT|Any CPU
		{03A36E65-45C2-4FB8-A55D-BB7241A0DB73}.Local|Any CPU.Build.0 = UAT|Any CPU
		{03A36E65-45C2-4FB8-A55D-BB7241A0DB73}.PROD|Any CPU.ActiveCfg = PROD|Any CPU
		{03A36E65-45C2-4FB8-A55D-BB7241A0DB73}.PROD|Any CPU.Build.0 = PROD|Any CPU
		{03A36E65-45C2-4FB8-A55D-BB7241A0DB73}.Release|Any CPU.ActiveCfg = Release|Any CPU
		{03A36E65-45C2-4FB8-A55D-BB7241A0DB73}.Release|Any CPU.Build.0 = Release|Any CPU
		{03A36E65-45C2-4FB8-A55D-BB7241A0DB73}.UAT_Digital|Any CPU.ActiveCfg = UAT|Any CPU
		{03A36E65-45C2-4FB8-A55D-BB7241A0DB73}.UAT_Digital|Any CPU.Build.0 = UAT|Any CPU
		{03A36E65-45C2-4FB8-A55D-BB7241A0DB73}.UAT|Any CPU.ActiveCfg = UAT|Any CPU
		{03A36E65-45C2-4FB8-A55D-BB7241A0DB73}.UAT|Any CPU.Build.0 = UAT|Any CPU
		{5C8496DD-A45D-4B7E-9184-60A0D6946B4D}.Debug|Any CPU.ActiveCfg = Debug|Any CPU
		{5C8496DD-A45D-4B7E-9184-60A0D6946B4D}.Debug|Any CPU.Build.0 = Debug|Any CPU
		{5C8496DD-A45D-4B7E-9184-60A0D6946B4D}.DEV|Any CPU.ActiveCfg = DEV|Any CPU
		{5C8496DD-A45D-4B7E-9184-60A0D6946B4D}.DEV|Any CPU.Build.0 = DEV|Any CPU
		{5C8496DD-A45D-4B7E-9184-60A0D6946B4D}.Local|Any CPU.ActiveCfg = Local|Any CPU
		{5C8496DD-A45D-4B7E-9184-60A0D6946B4D}.Local|Any CPU.Build.0 = Local|Any CPU
		{5C8496DD-A45D-4B7E-9184-60A0D6946B4D}.PROD|Any CPU.ActiveCfg = PROD|Any CPU
		{5C8496DD-A45D-4B7E-9184-60A0D6946B4D}.PROD|Any CPU.Build.0 = PROD|Any CPU
		{5C8496DD-A45D-4B7E-9184-60A0D6946B4D}.Release|Any CPU.ActiveCfg = Release|Any CPU
		{5C8496DD-A45D-4B7E-9184-60A0D6946B4D}.Release|Any CPU.Build.0 = Release|Any CPU
		{5C8496DD-A45D-4B7E-9184-60A0D6946B4D}.UAT_Digital|Any CPU.ActiveCfg = UAT_Digital|Any CPU
		{5C8496DD-A45D-4B7E-9184-60A0D6946B4D}.UAT_Digital|Any CPU.Build.0 = UAT_Digital|Any CPU
		{5C8496DD-A45D-4B7E-9184-60A0D6946B4D}.UAT|Any CPU.ActiveCfg = UAT|Any CPU
		{5C8496DD-A45D-4B7E-9184-60A0D6946B4D}.UAT|Any CPU.Build.0 = UAT|Any CPU
		{BEA7141D-2325-4054-ABB8-BFCDF1CD624F}.Debug|Any CPU.ActiveCfg = Debug|Any CPU
		{BEA7141D-2325-4054-ABB8-BFCDF1CD624F}.Debug|Any CPU.Build.0 = Debug|Any CPU
		{BEA7141D-2325-4054-ABB8-BFCDF1CD624F}.DEV|Any CPU.ActiveCfg = Debug|Any CPU
		{BEA7141D-2325-4054-ABB8-BFCDF1CD624F}.DEV|Any CPU.Build.0 = Debug|Any CPU
		{BEA7141D-2325-4054-ABB8-BFCDF1CD624F}.Local|Any CPU.ActiveCfg = Release|Any CPU
		{BEA7141D-2325-4054-ABB8-BFCDF1CD624F}.Local|Any CPU.Build.0 = Release|Any CPU
		{BEA7141D-2325-4054-ABB8-BFCDF1CD624F}.PROD|Any CPU.ActiveCfg = Release|Any CPU
		{BEA7141D-2325-4054-ABB8-BFCDF1CD624F}.PROD|Any CPU.Build.0 = Release|Any CPU
		{BEA7141D-2325-4054-ABB8-BFCDF1CD624F}.Release|Any CPU.ActiveCfg = Release|Any CPU
		{BEA7141D-2325-4054-ABB8-BFCDF1CD624F}.Release|Any CPU.Build.0 = Release|Any CPU
		{BEA7141D-2325-4054-ABB8-BFCDF1CD624F}.UAT_Digital|Any CPU.ActiveCfg = Release|Any CPU
		{BEA7141D-2325-4054-ABB8-BFCDF1CD624F}.UAT_Digital|Any CPU.Build.0 = Release|Any CPU
		{BEA7141D-2325-4054-ABB8-BFCDF1CD624F}.UAT|Any CPU.ActiveCfg = Release|Any CPU
		{BEA7141D-2325-4054-ABB8-BFCDF1CD624F}.UAT|Any CPU.Build.0 = Release|Any CPU
		{BA0C27C4-40D4-42BC-A7E3-9C5759C1FABA}.Debug|Any CPU.ActiveCfg = Debug|Any CPU
		{BA0C27C4-40D4-42BC-A7E3-9C5759C1FABA}.Debug|Any CPU.Build.0 = Debug|Any CPU
		{BA0C27C4-40D4-42BC-A7E3-9C5759C1FABA}.DEV|Any CPU.ActiveCfg = Debug|Any CPU
		{BA0C27C4-40D4-42BC-A7E3-9C5759C1FABA}.DEV|Any CPU.Build.0 = Debug|Any CPU
		{BA0C27C4-40D4-42BC-A7E3-9C5759C1FABA}.Local|Any CPU.ActiveCfg = Release|Any CPU
		{BA0C27C4-40D4-42BC-A7E3-9C5759C1FABA}.Local|Any CPU.Build.0 = Release|Any CPU
		{BA0C27C4-40D4-42BC-A7E3-9C5759C1FABA}.PROD|Any CPU.ActiveCfg = Release|Any CPU
		{BA0C27C4-40D4-42BC-A7E3-9C5759C1FABA}.PROD|Any CPU.Build.0 = Release|Any CPU
		{BA0C27C4-40D4-42BC-A7E3-9C5759C1FABA}.Release|Any CPU.ActiveCfg = Release|Any CPU
		{BA0C27C4-40D4-42BC-A7E3-9C5759C1FABA}.Release|Any CPU.Build.0 = Release|Any CPU
		{BA0C27C4-40D4-42BC-A7E3-9C5759C1FABA}.UAT_Digital|Any CPU.ActiveCfg = Release|Any CPU
		{BA0C27C4-40D4-42BC-A7E3-9C5759C1FABA}.UAT_Digital|Any CPU.Build.0 = Release|Any CPU
		{BA0C27C4-40D4-42BC-A7E3-9C5759C1FABA}.UAT|Any CPU.ActiveCfg = Release|Any CPU
		{BA0C27C4-40D4-42BC-A7E3-9C5759C1FABA}.UAT|Any CPU.Build.0 = Release|Any CPU
		{6020FC66-AE34-4851-B9D4-03B3E0986EB4}.Debug|Any CPU.ActiveCfg = Debug|Any CPU
		{6020FC66-AE34-4851-B9D4-03B3E0986EB4}.Debug|Any CPU.Build.0 = Debug|Any CPU
		{6020FC66-AE34-4851-B9D4-03B3E0986EB4}.DEV|Any CPU.ActiveCfg = Debug|Any CPU
		{6020FC66-AE34-4851-B9D4-03B3E0986EB4}.DEV|Any CPU.Build.0 = Debug|Any CPU
		{6020FC66-AE34-4851-B9D4-03B3E0986EB4}.Local|Any CPU.ActiveCfg = Release|Any CPU
		{6020FC66-AE34-4851-B9D4-03B3E0986EB4}.Local|Any CPU.Build.0 = Release|Any CPU
		{6020FC66-AE34-4851-B9D4-03B3E0986EB4}.PROD|Any CPU.ActiveCfg = Release|Any CPU
		{6020FC66-AE34-4851-B9D4-03B3E0986EB4}.PROD|Any CPU.Build.0 = Release|Any CPU
		{6020FC66-AE34-4851-B9D4-03B3E0986EB4}.Release|Any CPU.ActiveCfg = Release|Any CPU
		{6020FC66-AE34-4851-B9D4-03B3E0986EB4}.Release|Any CPU.Build.0 = Release|Any CPU
		{6020FC66-AE34-4851-B9D4-03B3E0986EB4}.UAT_Digital|Any CPU.ActiveCfg = Release|Any CPU
		{6020FC66-AE34-4851-B9D4-03B3E0986EB4}.UAT_Digital|Any CPU.Build.0 = Release|Any CPU
		{6020FC66-AE34-4851-B9D4-03B3E0986EB4}.UAT|Any CPU.ActiveCfg = Release|Any CPU
		{6020FC66-AE34-4851-B9D4-03B3E0986EB4}.UAT|Any CPU.Build.0 = Release|Any CPU
		{C0DED0FD-1310-4624-9CA2-62A90BB3B073}.Debug|Any CPU.ActiveCfg = Debug|Any CPU
		{C0DED0FD-1310-4624-9CA2-62A90BB3B073}.Debug|Any CPU.Build.0 = Debug|Any CPU
		{C0DED0FD-1310-4624-9CA2-62A90BB3B073}.DEV|Any CPU.ActiveCfg = Debug|Any CPU
		{C0DED0FD-1310-4624-9CA2-62A90BB3B073}.DEV|Any CPU.Build.0 = Debug|Any CPU
		{C0DED0FD-1310-4624-9CA2-62A90BB3B073}.Local|Any CPU.ActiveCfg = Release|Any CPU
		{C0DED0FD-1310-4624-9CA2-62A90BB3B073}.Local|Any CPU.Build.0 = Release|Any CPU
		{C0DED0FD-1310-4624-9CA2-62A90BB3B073}.PROD|Any CPU.ActiveCfg = Release|Any CPU
		{C0DED0FD-1310-4624-9CA2-62A90BB3B073}.PROD|Any CPU.Build.0 = Release|Any CPU
		{C0DED0FD-1310-4624-9CA2-62A90BB3B073}.Release|Any CPU.ActiveCfg = Release|Any CPU
		{C0DED0FD-1310-4624-9CA2-62A90BB3B073}.Release|Any CPU.Build.0 = Release|Any CPU
		{C0DED0FD-1310-4624-9CA2-62A90BB3B073}.UAT_Digital|Any CPU.ActiveCfg = Release|Any CPU
		{C0DED0FD-1310-4624-9CA2-62A90BB3B073}.UAT_Digital|Any CPU.Build.0 = Release|Any CPU
		{C0DED0FD-1310-4624-9CA2-62A90BB3B073}.UAT|Any CPU.ActiveCfg = Release|Any CPU
		{C0DED0FD-1310-4624-9CA2-62A90BB3B073}.UAT|Any CPU.Build.0 = Release|Any CPU
		{30F3677C-BA7E-4740-B0AC-5B471499119F}.Debug|Any CPU.ActiveCfg = Debug|Any CPU
		{30F3677C-BA7E-4740-B0AC-5B471499119F}.Debug|Any CPU.Build.0 = Debug|Any CPU
		{30F3677C-BA7E-4740-B0AC-5B471499119F}.DEV|Any CPU.ActiveCfg = Debug|Any CPU
		{30F3677C-BA7E-4740-B0AC-5B471499119F}.DEV|Any CPU.Build.0 = Debug|Any CPU
		{30F3677C-BA7E-4740-B0AC-5B471499119F}.Local|Any CPU.ActiveCfg = Release|Any CPU
		{30F3677C-BA7E-4740-B0AC-5B471499119F}.Local|Any CPU.Build.0 = Release|Any CPU
		{30F3677C-BA7E-4740-B0AC-5B471499119F}.PROD|Any CPU.ActiveCfg = Release|Any CPU
		{30F3677C-BA7E-4740-B0AC-5B471499119F}.PROD|Any CPU.Build.0 = Release|Any CPU
		{30F3677C-BA7E-4740-B0AC-5B471499119F}.Release|Any CPU.ActiveCfg = Release|Any CPU
		{30F3677C-BA7E-4740-B0AC-5B471499119F}.Release|Any CPU.Build.0 = Release|Any CPU
		{30F3677C-BA7E-4740-B0AC-5B471499119F}.UAT_Digital|Any CPU.ActiveCfg = Release|Any CPU
		{30F3677C-BA7E-4740-B0AC-5B471499119F}.UAT_Digital|Any CPU.Build.0 = Release|Any CPU
		{30F3677C-BA7E-4740-B0AC-5B471499119F}.UAT|Any CPU.ActiveCfg = Release|Any CPU
		{30F3677C-BA7E-4740-B0AC-5B471499119F}.UAT|Any CPU.Build.0 = Release|Any CPU
		{35EBBADA-2D05-417D-887C-4C8288E1341A}.Debug|Any CPU.ActiveCfg = Debug|Any CPU
		{35EBBADA-2D05-417D-887C-4C8288E1341A}.Debug|Any CPU.Build.0 = Debug|Any CPU
		{35EBBADA-2D05-417D-887C-4C8288E1341A}.DEV|Any CPU.ActiveCfg = Debug|Any CPU
		{35EBBADA-2D05-417D-887C-4C8288E1341A}.DEV|Any CPU.Build.0 = Debug|Any CPU
		{35EBBADA-2D05-417D-887C-4C8288E1341A}.Local|Any CPU.ActiveCfg = Release|Any CPU
		{35EBBADA-2D05-417D-887C-4C8288E1341A}.Local|Any CPU.Build.0 = Release|Any CPU
		{35EBBADA-2D05-417D-887C-4C8288E1341A}.PROD|Any CPU.ActiveCfg = Release|Any CPU
		{35EBBADA-2D05-417D-887C-4C8288E1341A}.PROD|Any CPU.Build.0 = Release|Any CPU
		{35EBBADA-2D05-417D-887C-4C8288E1341A}.Release|Any CPU.ActiveCfg = Release|Any CPU
		{35EBBADA-2D05-417D-887C-4C8288E1341A}.Release|Any CPU.Build.0 = Release|Any CPU
		{35EBBADA-2D05-417D-887C-4C8288E1341A}.UAT_Digital|Any CPU.ActiveCfg = Release|Any CPU
		{35EBBADA-2D05-417D-887C-4C8288E1341A}.UAT_Digital|Any CPU.Build.0 = Release|Any CPU
		{35EBBADA-2D05-417D-887C-4C8288E1341A}.UAT|Any CPU.ActiveCfg = Release|Any CPU
		{35EBBADA-2D05-417D-887C-4C8288E1341A}.UAT|Any CPU.Build.0 = Release|Any CPU
		{CA9BA476-402F-4626-97D4-FC7641B90C1E}.Debug|Any CPU.ActiveCfg = Debug|Any CPU
		{CA9BA476-402F-4626-97D4-FC7641B90C1E}.Debug|Any CPU.Build.0 = Debug|Any CPU
		{CA9BA476-402F-4626-97D4-FC7641B90C1E}.DEV|Any CPU.ActiveCfg = Debug|Any CPU
		{CA9BA476-402F-4626-97D4-FC7641B90C1E}.DEV|Any CPU.Build.0 = Debug|Any CPU
		{CA9BA476-402F-4626-97D4-FC7641B90C1E}.Local|Any CPU.ActiveCfg = Release|Any CPU
		{CA9BA476-402F-4626-97D4-FC7641B90C1E}.Local|Any CPU.Build.0 = Release|Any CPU
		{CA9BA476-402F-4626-97D4-FC7641B90C1E}.PROD|Any CPU.ActiveCfg = Release|Any CPU
		{CA9BA476-402F-4626-97D4-FC7641B90C1E}.PROD|Any CPU.Build.0 = Release|Any CPU
		{CA9BA476-402F-4626-97D4-FC7641B90C1E}.Release|Any CPU.ActiveCfg = Release|Any CPU
		{CA9BA476-402F-4626-97D4-FC7641B90C1E}.Release|Any CPU.Build.0 = Release|Any CPU
		{CA9BA476-402F-4626-97D4-FC7641B90C1E}.UAT_Digital|Any CPU.ActiveCfg = Release|Any CPU
		{CA9BA476-402F-4626-97D4-FC7641B90C1E}.UAT_Digital|Any CPU.Build.0 = Release|Any CPU
		{CA9BA476-402F-4626-97D4-FC7641B90C1E}.UAT|Any CPU.ActiveCfg = Release|Any CPU
		{CA9BA476-402F-4626-97D4-FC7641B90C1E}.UAT|Any CPU.Build.0 = Release|Any CPU
		{8BF5C43D-C668-4801-8B64-C03E22C18AE1}.Debug|Any CPU.ActiveCfg = Debug|Any CPU
		{8BF5C43D-C668-4801-8B64-C03E22C18AE1}.Debug|Any CPU.Build.0 = Debug|Any CPU
		{8BF5C43D-C668-4801-8B64-C03E22C18AE1}.DEV|Any CPU.ActiveCfg = Debug|Any CPU
		{8BF5C43D-C668-4801-8B64-C03E22C18AE1}.DEV|Any CPU.Build.0 = Debug|Any CPU
		{8BF5C43D-C668-4801-8B64-C03E22C18AE1}.Local|Any CPU.ActiveCfg = Release|Any CPU
		{8BF5C43D-C668-4801-8B64-C03E22C18AE1}.Local|Any CPU.Build.0 = Release|Any CPU
		{8BF5C43D-C668-4801-8B64-C03E22C18AE1}.PROD|Any CPU.ActiveCfg = Release|Any CPU
		{8BF5C43D-C668-4801-8B64-C03E22C18AE1}.PROD|Any CPU.Build.0 = Release|Any CPU
		{8BF5C43D-C668-4801-8B64-C03E22C18AE1}.Release|Any CPU.ActiveCfg = Release|Any CPU
		{8BF5C43D-C668-4801-8B64-C03E22C18AE1}.Release|Any CPU.Build.0 = Release|Any CPU
		{8BF5C43D-C668-4801-8B64-C03E22C18AE1}.UAT_Digital|Any CPU.ActiveCfg = Release|Any CPU
		{8BF5C43D-C668-4801-8B64-C03E22C18AE1}.UAT_Digital|Any CPU.Build.0 = Release|Any CPU
		{8BF5C43D-C668-4801-8B64-C03E22C18AE1}.UAT|Any CPU.ActiveCfg = Release|Any CPU
		{8BF5C43D-C668-4801-8B64-C03E22C18AE1}.UAT|Any CPU.Build.0 = Release|Any CPU
		{433F0F65-C95A-418E-8016-7BD8FD928FA6}.Debug|Any CPU.ActiveCfg = Debug|Any CPU
		{433F0F65-C95A-418E-8016-7BD8FD928FA6}.Debug|Any CPU.Build.0 = Debug|Any CPU
		{433F0F65-C95A-418E-8016-7BD8FD928FA6}.DEV|Any CPU.ActiveCfg = Debug|Any CPU
		{433F0F65-C95A-418E-8016-7BD8FD928FA6}.DEV|Any CPU.Build.0 = Debug|Any CPU
		{433F0F65-C95A-418E-8016-7BD8FD928FA6}.Local|Any CPU.ActiveCfg = Release|Any CPU
		{433F0F65-C95A-418E-8016-7BD8FD928FA6}.Local|Any CPU.Build.0 = Release|Any CPU
		{433F0F65-C95A-418E-8016-7BD8FD928FA6}.PROD|Any CPU.ActiveCfg = Release|Any CPU
		{433F0F65-C95A-418E-8016-7BD8FD928FA6}.PROD|Any CPU.Build.0 = Release|Any CPU
		{433F0F65-C95A-418E-8016-7BD8FD928FA6}.Release|Any CPU.ActiveCfg = Release|Any CPU
		{433F0F65-C95A-418E-8016-7BD8FD928FA6}.Release|Any CPU.Build.0 = Release|Any CPU
		{433F0F65-C95A-418E-8016-7BD8FD928FA6}.UAT_Digital|Any CPU.ActiveCfg = Release|Any CPU
		{433F0F65-C95A-418E-8016-7BD8FD928FA6}.UAT_Digital|Any CPU.Build.0 = Release|Any CPU
		{433F0F65-C95A-418E-8016-7BD8FD928FA6}.UAT|Any CPU.ActiveCfg = Release|Any CPU
		{433F0F65-C95A-418E-8016-7BD8FD928FA6}.UAT|Any CPU.Build.0 = Release|Any CPU
		{EA6BBF9D-885A-46CB-8B64-1C1C7F1B47FE}.Debug|Any CPU.ActiveCfg = Debug|Any CPU
		{EA6BBF9D-885A-46CB-8B64-1C1C7F1B47FE}.Debug|Any CPU.Build.0 = Debug|Any CPU
		{EA6BBF9D-885A-46CB-8B64-1C1C7F1B47FE}.DEV|Any CPU.ActiveCfg = Debug|Any CPU
		{EA6BBF9D-885A-46CB-8B64-1C1C7F1B47FE}.DEV|Any CPU.Build.0 = Debug|Any CPU
		{EA6BBF9D-885A-46CB-8B64-1C1C7F1B47FE}.Local|Any CPU.ActiveCfg = Release|Any CPU
		{EA6BBF9D-885A-46CB-8B64-1C1C7F1B47FE}.Local|Any CPU.Build.0 = Release|Any CPU
		{EA6BBF9D-885A-46CB-8B64-1C1C7F1B47FE}.PROD|Any CPU.ActiveCfg = Release|Any CPU
		{EA6BBF9D-885A-46CB-8B64-1C1C7F1B47FE}.PROD|Any CPU.Build.0 = Release|Any CPU
		{EA6BBF9D-885A-46CB-8B64-1C1C7F1B47FE}.Release|Any CPU.ActiveCfg = Release|Any CPU
		{EA6BBF9D-885A-46CB-8B64-1C1C7F1B47FE}.Release|Any CPU.Build.0 = Release|Any CPU
		{EA6BBF9D-885A-46CB-8B64-1C1C7F1B47FE}.UAT_Digital|Any CPU.ActiveCfg = Release|Any CPU
		{EA6BBF9D-885A-46CB-8B64-1C1C7F1B47FE}.UAT_Digital|Any CPU.Build.0 = Release|Any CPU
		{EA6BBF9D-885A-46CB-8B64-1C1C7F1B47FE}.UAT|Any CPU.ActiveCfg = Release|Any CPU
		{EA6BBF9D-885A-46CB-8B64-1C1C7F1B47FE}.UAT|Any CPU.Build.0 = Release|Any CPU
		{16157D6C-F8FE-48B4-994A-1C59DDFF4C47}.Debug|Any CPU.ActiveCfg = Debug|Any CPU
		{16157D6C-F8FE-48B4-994A-1C59DDFF4C47}.Debug|Any CPU.Build.0 = Debug|Any CPU
		{16157D6C-F8FE-48B4-994A-1C59DDFF4C47}.DEV|Any CPU.ActiveCfg = Debug|Any CPU
		{16157D6C-F8FE-48B4-994A-1C59DDFF4C47}.DEV|Any CPU.Build.0 = Debug|Any CPU
		{16157D6C-F8FE-48B4-994A-1C59DDFF4C47}.Local|Any CPU.ActiveCfg = Debug|Any CPU
		{16157D6C-F8FE-48B4-994A-1C59DDFF4C47}.Local|Any CPU.Build.0 = Debug|Any CPU
		{16157D6C-F8FE-48B4-994A-1C59DDFF4C47}.PROD|Any CPU.ActiveCfg = Debug|Any CPU
		{16157D6C-F8FE-48B4-994A-1C59DDFF4C47}.PROD|Any CPU.Build.0 = Debug|Any CPU
		{16157D6C-F8FE-48B4-994A-1C59DDFF4C47}.Release|Any CPU.ActiveCfg = Release|Any CPU
		{16157D6C-F8FE-48B4-994A-1C59DDFF4C47}.Release|Any CPU.Build.0 = Release|Any CPU
		{16157D6C-F8FE-48B4-994A-1C59DDFF4C47}.UAT_Digital|Any CPU.ActiveCfg = Debug|Any CPU
		{16157D6C-F8FE-48B4-994A-1C59DDFF4C47}.UAT_Digital|Any CPU.Build.0 = Debug|Any CPU
		{16157D6C-F8FE-48B4-994A-1C59DDFF4C47}.UAT|Any CPU.ActiveCfg = Debug|Any CPU
		{16157D6C-F8FE-48B4-994A-1C59DDFF4C47}.UAT|Any CPU.Build.0 = Debug|Any CPU
		{2C96ABFA-8455-45DB-B42D-0B0FDD7591B7}.Debug|Any CPU.ActiveCfg = Debug|Any CPU
		{2C96ABFA-8455-45DB-B42D-0B0FDD7591B7}.Debug|Any CPU.Build.0 = Debug|Any CPU
		{2C96ABFA-8455-45DB-B42D-0B0FDD7591B7}.DEV|Any CPU.ActiveCfg = Debug|Any CPU
		{2C96ABFA-8455-45DB-B42D-0B0FDD7591B7}.DEV|Any CPU.Build.0 = Debug|Any CPU
		{2C96ABFA-8455-45DB-B42D-0B0FDD7591B7}.Local|Any CPU.ActiveCfg = Debug|Any CPU
		{2C96ABFA-8455-45DB-B42D-0B0FDD7591B7}.Local|Any CPU.Build.0 = Debug|Any CPU
		{2C96ABFA-8455-45DB-B42D-0B0FDD7591B7}.PROD|Any CPU.ActiveCfg = Debug|Any CPU
		{2C96ABFA-8455-45DB-B42D-0B0FDD7591B7}.PROD|Any CPU.Build.0 = Debug|Any CPU
		{2C96ABFA-8455-45DB-B42D-0B0FDD7591B7}.Release|Any CPU.ActiveCfg = Release|Any CPU
		{2C96ABFA-8455-45DB-B42D-0B0FDD7591B7}.Release|Any CPU.Build.0 = Release|Any CPU
		{2C96ABFA-8455-45DB-B42D-0B0FDD7591B7}.UAT_Digital|Any CPU.ActiveCfg = Debug|Any CPU
		{2C96ABFA-8455-45DB-B42D-0B0FDD7591B7}.UAT_Digital|Any CPU.Build.0 = Debug|Any CPU
		{2C96ABFA-8455-45DB-B42D-0B0FDD7591B7}.UAT|Any CPU.ActiveCfg = Debug|Any CPU
		{2C96ABFA-8455-45DB-B42D-0B0FDD7591B7}.UAT|Any CPU.Build.0 = Debug|Any CPU
		{E587C209-1A0D-42E2-8B7D-D1875C84AB3A}.Debug|Any CPU.ActiveCfg = Debug|Any CPU
		{E587C209-1A0D-42E2-8B7D-D1875C84AB3A}.Debug|Any CPU.Build.0 = Debug|Any CPU
		{E587C209-1A0D-42E2-8B7D-D1875C84AB3A}.DEV|Any CPU.ActiveCfg = Debug|Any CPU
		{E587C209-1A0D-42E2-8B7D-D1875C84AB3A}.DEV|Any CPU.Build.0 = Debug|Any CPU
		{E587C209-1A0D-42E2-8B7D-D1875C84AB3A}.Local|Any CPU.ActiveCfg = Release|Any CPU
		{E587C209-1A0D-42E2-8B7D-D1875C84AB3A}.Local|Any CPU.Build.0 = Release|Any CPU
		{E587C209-1A0D-42E2-8B7D-D1875C84AB3A}.PROD|Any CPU.ActiveCfg = Release|Any CPU
		{E587C209-1A0D-42E2-8B7D-D1875C84AB3A}.PROD|Any CPU.Build.0 = Release|Any CPU
		{E587C209-1A0D-42E2-8B7D-D1875C84AB3A}.Release|Any CPU.ActiveCfg = Release|Any CPU
		{E587C209-1A0D-42E2-8B7D-D1875C84AB3A}.Release|Any CPU.Build.0 = Release|Any CPU
		{E587C209-1A0D-42E2-8B7D-D1875C84AB3A}.UAT_Digital|Any CPU.ActiveCfg = Release|Any CPU
		{E587C209-1A0D-42E2-8B7D-D1875C84AB3A}.UAT_Digital|Any CPU.Build.0 = Release|Any CPU
		{E587C209-1A0D-42E2-8B7D-D1875C84AB3A}.UAT|Any CPU.ActiveCfg = Release|Any CPU
		{E587C209-1A0D-42E2-8B7D-D1875C84AB3A}.UAT|Any CPU.Build.0 = Release|Any CPU
		{0E0C1D8F-2325-4EBE-B6A5-EA60B6DC88B5}.Debug|Any CPU.ActiveCfg = Debug|Any CPU
		{0E0C1D8F-2325-4EBE-B6A5-EA60B6DC88B5}.Debug|Any CPU.Build.0 = Debug|Any CPU
		{0E0C1D8F-2325-4EBE-B6A5-EA60B6DC88B5}.DEV|Any CPU.ActiveCfg = Debug|Any CPU
		{0E0C1D8F-2325-4EBE-B6A5-EA60B6DC88B5}.DEV|Any CPU.Build.0 = Debug|Any CPU
		{0E0C1D8F-2325-4EBE-B6A5-EA60B6DC88B5}.Local|Any CPU.ActiveCfg = Release|Any CPU
		{0E0C1D8F-2325-4EBE-B6A5-EA60B6DC88B5}.Local|Any CPU.Build.0 = Release|Any CPU
		{0E0C1D8F-2325-4EBE-B6A5-EA60B6DC88B5}.PROD|Any CPU.ActiveCfg = Release|Any CPU
		{0E0C1D8F-2325-4EBE-B6A5-EA60B6DC88B5}.PROD|Any CPU.Build.0 = Release|Any CPU
		{0E0C1D8F-2325-4EBE-B6A5-EA60B6DC88B5}.Release|Any CPU.ActiveCfg = Release|Any CPU
		{0E0C1D8F-2325-4EBE-B6A5-EA60B6DC88B5}.Release|Any CPU.Build.0 = Release|Any CPU
		{0E0C1D8F-2325-4EBE-B6A5-EA60B6DC88B5}.UAT_Digital|Any CPU.ActiveCfg = Release|Any CPU
		{0E0C1D8F-2325-4EBE-B6A5-EA60B6DC88B5}.UAT_Digital|Any CPU.Build.0 = Release|Any CPU
		{0E0C1D8F-2325-4EBE-B6A5-EA60B6DC88B5}.UAT|Any CPU.ActiveCfg = Release|Any CPU
		{0E0C1D8F-2325-4EBE-B6A5-EA60B6DC88B5}.UAT|Any CPU.Build.0 = Release|Any CPU
		{BC515BCF-26AC-41F2-925E-493C3BA49735}.Debug|Any CPU.ActiveCfg = Debug|Any CPU
		{BC515BCF-26AC-41F2-925E-493C3BA49735}.Debug|Any CPU.Build.0 = Debug|Any CPU
		{BC515BCF-26AC-41F2-925E-493C3BA49735}.DEV|Any CPU.ActiveCfg = Debug|Any CPU
		{BC515BCF-26AC-41F2-925E-493C3BA49735}.DEV|Any CPU.Build.0 = Debug|Any CPU
		{BC515BCF-26AC-41F2-925E-493C3BA49735}.Local|Any CPU.ActiveCfg = Debug|Any CPU
		{BC515BCF-26AC-41F2-925E-493C3BA49735}.Local|Any CPU.Build.0 = Debug|Any CPU
		{BC515BCF-26AC-41F2-925E-493C3BA49735}.PROD|Any CPU.ActiveCfg = Debug|Any CPU
		{BC515BCF-26AC-41F2-925E-493C3BA49735}.PROD|Any CPU.Build.0 = Debug|Any CPU
		{BC515BCF-26AC-41F2-925E-493C3BA49735}.Release|Any CPU.ActiveCfg = Release|Any CPU
		{BC515BCF-26AC-41F2-925E-493C3BA49735}.Release|Any CPU.Build.0 = Release|Any CPU
		{BC515BCF-26AC-41F2-925E-493C3BA49735}.UAT_Digital|Any CPU.ActiveCfg = Debug|Any CPU
		{BC515BCF-26AC-41F2-925E-493C3BA49735}.UAT_Digital|Any CPU.Build.0 = Debug|Any CPU
		{BC515BCF-26AC-41F2-925E-493C3BA49735}.UAT|Any CPU.ActiveCfg = Debug|Any CPU
		{BC515BCF-26AC-41F2-925E-493C3BA49735}.UAT|Any CPU.Build.0 = Debug|Any CPU
		{3B2EE036-B3CA-48D4-8888-C3D26A94EC5C}.Debug|Any CPU.ActiveCfg = Debug|Any CPU
		{3B2EE036-B3CA-48D4-8888-C3D26A94EC5C}.Debug|Any CPU.Build.0 = Debug|Any CPU
		{3B2EE036-B3CA-48D4-8888-C3D26A94EC5C}.DEV|Any CPU.ActiveCfg = Debug|Any CPU
		{3B2EE036-B3CA-48D4-8888-C3D26A94EC5C}.DEV|Any CPU.Build.0 = Debug|Any CPU
		{3B2EE036-B3CA-48D4-8888-C3D26A94EC5C}.Local|Any CPU.ActiveCfg = Debug|Any CPU
		{3B2EE036-B3CA-48D4-8888-C3D26A94EC5C}.Local|Any CPU.Build.0 = Debug|Any CPU
		{3B2EE036-B3CA-48D4-8888-C3D26A94EC5C}.PROD|Any CPU.ActiveCfg = Debug|Any CPU
		{3B2EE036-B3CA-48D4-8888-C3D26A94EC5C}.PROD|Any CPU.Build.0 = Debug|Any CPU
		{3B2EE036-B3CA-48D4-8888-C3D26A94EC5C}.Release|Any CPU.ActiveCfg = Release|Any CPU
		{3B2EE036-B3CA-48D4-8888-C3D26A94EC5C}.Release|Any CPU.Build.0 = Release|Any CPU
		{3B2EE036-B3CA-48D4-8888-C3D26A94EC5C}.UAT_Digital|Any CPU.ActiveCfg = Debug|Any CPU
		{3B2EE036-B3CA-48D4-8888-C3D26A94EC5C}.UAT_Digital|Any CPU.Build.0 = Debug|Any CPU
		{3B2EE036-B3CA-48D4-8888-C3D26A94EC5C}.UAT|Any CPU.ActiveCfg = Debug|Any CPU
		{3B2EE036-B3CA-48D4-8888-C3D26A94EC5C}.UAT|Any CPU.Build.0 = Debug|Any CPU
		{9C62579E-BA61-46AF-99CA-FF3EA969F9EB}.Debug|Any CPU.ActiveCfg = Debug|Any CPU
		{9C62579E-BA61-46AF-99CA-FF3EA969F9EB}.Debug|Any CPU.Build.0 = Debug|Any CPU
		{9C62579E-BA61-46AF-99CA-FF3EA969F9EB}.DEV|Any CPU.ActiveCfg = Debug|Any CPU
		{9C62579E-BA61-46AF-99CA-FF3EA969F9EB}.DEV|Any CPU.Build.0 = Debug|Any CPU
		{9C62579E-BA61-46AF-99CA-FF3EA969F9EB}.Local|Any CPU.ActiveCfg = Release|Any CPU
		{9C62579E-BA61-46AF-99CA-FF3EA969F9EB}.Local|Any CPU.Build.0 = Release|Any CPU
		{9C62579E-BA61-46AF-99CA-FF3EA969F9EB}.PROD|Any CPU.ActiveCfg = Release|Any CPU
		{9C62579E-BA61-46AF-99CA-FF3EA969F9EB}.PROD|Any CPU.Build.0 = Release|Any CPU
		{9C62579E-BA61-46AF-99CA-FF3EA969F9EB}.Release|Any CPU.ActiveCfg = Release|Any CPU
		{9C62579E-BA61-46AF-99CA-FF3EA969F9EB}.Release|Any CPU.Build.0 = Release|Any CPU
		{9C62579E-BA61-46AF-99CA-FF3EA969F9EB}.UAT_Digital|Any CPU.ActiveCfg = Release|Any CPU
		{9C62579E-BA61-46AF-99CA-FF3EA969F9EB}.UAT_Digital|Any CPU.Build.0 = Release|Any CPU
		{9C62579E-BA61-46AF-99CA-FF3EA969F9EB}.UAT|Any CPU.ActiveCfg = Release|Any CPU
		{9C62579E-BA61-46AF-99CA-FF3EA969F9EB}.UAT|Any CPU.Build.0 = Release|Any CPU
		{EC14E43F-A30A-4B9D-BCFA-40C6985A9B3C}.Debug|Any CPU.ActiveCfg = Debug|Any CPU
		{EC14E43F-A30A-4B9D-BCFA-40C6985A9B3C}.Debug|Any CPU.Build.0 = Debug|Any CPU
		{EC14E43F-A30A-4B9D-BCFA-40C6985A9B3C}.DEV|Any CPU.ActiveCfg = Debug|Any CPU
		{EC14E43F-A30A-4B9D-BCFA-40C6985A9B3C}.DEV|Any CPU.Build.0 = Debug|Any CPU
		{EC14E43F-A30A-4B9D-BCFA-40C6985A9B3C}.Local|Any CPU.ActiveCfg = Debug|Any CPU
		{EC14E43F-A30A-4B9D-BCFA-40C6985A9B3C}.Local|Any CPU.Build.0 = Debug|Any CPU
		{EC14E43F-A30A-4B9D-BCFA-40C6985A9B3C}.PROD|Any CPU.ActiveCfg = Debug|Any CPU
		{EC14E43F-A30A-4B9D-BCFA-40C6985A9B3C}.PROD|Any CPU.Build.0 = Debug|Any CPU
		{EC14E43F-A30A-4B9D-BCFA-40C6985A9B3C}.Release|Any CPU.ActiveCfg = Release|Any CPU
		{EC14E43F-A30A-4B9D-BCFA-40C6985A9B3C}.Release|Any CPU.Build.0 = Release|Any CPU
		{EC14E43F-A30A-4B9D-BCFA-40C6985A9B3C}.UAT_Digital|Any CPU.ActiveCfg = Debug|Any CPU
		{EC14E43F-A30A-4B9D-BCFA-40C6985A9B3C}.UAT_Digital|Any CPU.Build.0 = Debug|Any CPU
		{EC14E43F-A30A-4B9D-BCFA-40C6985A9B3C}.UAT|Any CPU.ActiveCfg = Debug|Any CPU
		{EC14E43F-A30A-4B9D-BCFA-40C6985A9B3C}.UAT|Any CPU.Build.0 = Debug|Any CPU
		{0662B21B-9BE8-4B39-9C7D-ACC04A8EE9A2}.Debug|Any CPU.ActiveCfg = Debug|Any CPU
		{0662B21B-9BE8-4B39-9C7D-ACC04A8EE9A2}.Debug|Any CPU.Build.0 = Debug|Any CPU
		{0662B21B-9BE8-4B39-9C7D-ACC04A8EE9A2}.DEV|Any CPU.ActiveCfg = Debug|Any CPU
		{0662B21B-9BE8-4B39-9C7D-ACC04A8EE9A2}.DEV|Any CPU.Build.0 = Debug|Any CPU
		{0662B21B-9BE8-4B39-9C7D-ACC04A8EE9A2}.Local|Any CPU.ActiveCfg = Debug|Any CPU
		{0662B21B-9BE8-4B39-9C7D-ACC04A8EE9A2}.Local|Any CPU.Build.0 = Debug|Any CPU
		{0662B21B-9BE8-4B39-9C7D-ACC04A8EE9A2}.PROD|Any CPU.ActiveCfg = Debug|Any CPU
		{0662B21B-9BE8-4B39-9C7D-ACC04A8EE9A2}.PROD|Any CPU.Build.0 = Debug|Any CPU
		{0662B21B-9BE8-4B39-9C7D-ACC04A8EE9A2}.Release|Any CPU.ActiveCfg = Release|Any CPU
		{0662B21B-9BE8-4B39-9C7D-ACC04A8EE9A2}.Release|Any CPU.Build.0 = Release|Any CPU
		{0662B21B-9BE8-4B39-9C7D-ACC04A8EE9A2}.UAT_Digital|Any CPU.ActiveCfg = Debug|Any CPU
		{0662B21B-9BE8-4B39-9C7D-ACC04A8EE9A2}.UAT_Digital|Any CPU.Build.0 = Debug|Any CPU
		{0662B21B-9BE8-4B39-9C7D-ACC04A8EE9A2}.UAT|Any CPU.ActiveCfg = Debug|Any CPU
		{0662B21B-9BE8-4B39-9C7D-ACC04A8EE9A2}.UAT|Any CPU.Build.0 = Debug|Any CPU
		{21115D34-9C54-4D72-A610-7F82DD66EE0F}.Debug|Any CPU.ActiveCfg = Debug|Any CPU
		{21115D34-9C54-4D72-A610-7F82DD66EE0F}.Debug|Any CPU.Build.0 = Debug|Any CPU
		{21115D34-9C54-4D72-A610-7F82DD66EE0F}.DEV|Any CPU.ActiveCfg = Debug|Any CPU
		{21115D34-9C54-4D72-A610-7F82DD66EE0F}.DEV|Any CPU.Build.0 = Debug|Any CPU
		{21115D34-9C54-4D72-A610-7F82DD66EE0F}.Local|Any CPU.ActiveCfg = Release|Any CPU
		{21115D34-9C54-4D72-A610-7F82DD66EE0F}.Local|Any CPU.Build.0 = Release|Any CPU
		{21115D34-9C54-4D72-A610-7F82DD66EE0F}.PROD|Any CPU.ActiveCfg = Release|Any CPU
		{21115D34-9C54-4D72-A610-7F82DD66EE0F}.PROD|Any CPU.Build.0 = Release|Any CPU
		{21115D34-9C54-4D72-A610-7F82DD66EE0F}.Release|Any CPU.ActiveCfg = Release|Any CPU
		{21115D34-9C54-4D72-A610-7F82DD66EE0F}.Release|Any CPU.Build.0 = Release|Any CPU
		{21115D34-9C54-4D72-A610-7F82DD66EE0F}.UAT_Digital|Any CPU.ActiveCfg = Release|Any CPU
		{21115D34-9C54-4D72-A610-7F82DD66EE0F}.UAT_Digital|Any CPU.Build.0 = Release|Any CPU
		{21115D34-9C54-4D72-A610-7F82DD66EE0F}.UAT|Any CPU.ActiveCfg = Release|Any CPU
		{21115D34-9C54-4D72-A610-7F82DD66EE0F}.UAT|Any CPU.Build.0 = Release|Any CPU
		{ACC42606-969A-4713-B422-F2728ECB69CB}.Debug|Any CPU.ActiveCfg = Debug|Any CPU
		{ACC42606-969A-4713-B422-F2728ECB69CB}.Debug|Any CPU.Build.0 = Debug|Any CPU
		{ACC42606-969A-4713-B422-F2728ECB69CB}.DEV|Any CPU.ActiveCfg = Debug|Any CPU
		{ACC42606-969A-4713-B422-F2728ECB69CB}.DEV|Any CPU.Build.0 = Debug|Any CPU
		{ACC42606-969A-4713-B422-F2728ECB69CB}.Local|Any CPU.ActiveCfg = Release|Any CPU
		{ACC42606-969A-4713-B422-F2728ECB69CB}.Local|Any CPU.Build.0 = Release|Any CPU
		{ACC42606-969A-4713-B422-F2728ECB69CB}.PROD|Any CPU.ActiveCfg = Release|Any CPU
		{ACC42606-969A-4713-B422-F2728ECB69CB}.PROD|Any CPU.Build.0 = Release|Any CPU
		{ACC42606-969A-4713-B422-F2728ECB69CB}.Release|Any CPU.ActiveCfg = Release|Any CPU
		{ACC42606-969A-4713-B422-F2728ECB69CB}.Release|Any CPU.Build.0 = Release|Any CPU
		{ACC42606-969A-4713-B422-F2728ECB69CB}.UAT_Digital|Any CPU.ActiveCfg = Release|Any CPU
		{ACC42606-969A-4713-B422-F2728ECB69CB}.UAT_Digital|Any CPU.Build.0 = Release|Any CPU
		{ACC42606-969A-4713-B422-F2728ECB69CB}.UAT|Any CPU.ActiveCfg = Release|Any CPU
		{ACC42606-969A-4713-B422-F2728ECB69CB}.UAT|Any CPU.Build.0 = Release|Any CPU
		{1F6DD6DB-F64E-444F-A134-332CBA45D57F}.Debug|Any CPU.ActiveCfg = Debug|Any CPU
		{1F6DD6DB-F64E-444F-A134-332CBA45D57F}.Debug|Any CPU.Build.0 = Debug|Any CPU
		{1F6DD6DB-F64E-444F-A134-332CBA45D57F}.DEV|Any CPU.ActiveCfg = Debug|Any CPU
		{1F6DD6DB-F64E-444F-A134-332CBA45D57F}.DEV|Any CPU.Build.0 = Debug|Any CPU
		{1F6DD6DB-F64E-444F-A134-332CBA45D57F}.Local|Any CPU.ActiveCfg = Debug|Any CPU
		{1F6DD6DB-F64E-444F-A134-332CBA45D57F}.Local|Any CPU.Build.0 = Debug|Any CPU
		{1F6DD6DB-F64E-444F-A134-332CBA45D57F}.PROD|Any CPU.ActiveCfg = Debug|Any CPU
		{1F6DD6DB-F64E-444F-A134-332CBA45D57F}.PROD|Any CPU.Build.0 = Debug|Any CPU
		{1F6DD6DB-F64E-444F-A134-332CBA45D57F}.Release|Any CPU.ActiveCfg = Release|Any CPU
		{1F6DD6DB-F64E-444F-A134-332CBA45D57F}.Release|Any CPU.Build.0 = Release|Any CPU
		{1F6DD6DB-F64E-444F-A134-332CBA45D57F}.UAT_Digital|Any CPU.ActiveCfg = Debug|Any CPU
		{1F6DD6DB-F64E-444F-A134-332CBA45D57F}.UAT_Digital|Any CPU.Build.0 = Debug|Any CPU
		{1F6DD6DB-F64E-444F-A134-332CBA45D57F}.UAT|Any CPU.ActiveCfg = Debug|Any CPU
		{1F6DD6DB-F64E-444F-A134-332CBA45D57F}.UAT|Any CPU.Build.0 = Debug|Any CPU
	EndGlobalSection
	GlobalSection(SolutionProperties) = preSolution
		HideSolutionNode = FALSE
	EndGlobalSection
	GlobalSection(NestedProjects) = preSolution
		{063683A0-0DBE-4B82-9C3D-114CC3293E4F} = {59847AB9-02D0-4BFE-A9A4-6461C0C6FC5B}
		{F74B7134-96E6-47A9-A024-9BCF11033EF8} = {B4F89B54-C474-4CFB-876A-2813A452645C}
		{98FF1FF2-CAFF-4D22-B0CE-4EB847587521} = {F77278CC-E9BC-4C80-ACED-1575EBC1FC24}
		{F77278CC-E9BC-4C80-ACED-1575EBC1FC24} = {8A8C8363-CF17-450F-B3E8-5585B84DAD88}
		{DEB4D4E9-08A1-4D40-B80F-E0BD76F1A095} = {8A8C8363-CF17-450F-B3E8-5585B84DAD88}
		{6683DCAB-A406-484B-8604-44D134634EDE} = {B4F89B54-C474-4CFB-876A-2813A452645C}
		{0EB61643-2459-4C7C-8A9E-6141120BAD24} = {B4F89B54-C474-4CFB-876A-2813A452645C}
		{24B35D0C-EDC2-4AFA-81A9-2101A7DC6FEB} = {DEB4D4E9-08A1-4D40-B80F-E0BD76F1A095}
		{A3043D1B-358A-4146-9AF9-C44CA2F105FD} = {3749E18F-E207-4535-9E0A-86C45A680594}
		{3DF51390-C1D8-486D-B0CE-2C2106ED32A4} = {A3043D1B-358A-4146-9AF9-C44CA2F105FD}
		{207C4BD7-573A-41BA-8312-87BA6A15EBCB} = {A3043D1B-358A-4146-9AF9-C44CA2F105FD}
		{C8E45CA8-EDA1-4C5B-AC51-78BAA700FB30} = {8A8C8363-CF17-450F-B3E8-5585B84DAD88}
		{2ACE3A08-45C3-47AA-B504-59EFCA943A3B} = {C8E45CA8-EDA1-4C5B-AC51-78BAA700FB30}
		{7374B65F-5E70-4BDB-A035-FCCF989A10CD} = {C8E45CA8-EDA1-4C5B-AC51-78BAA700FB30}
		{29A1B52F-4EF9-463E-AAFA-FED69D7F1657} = {F77278CC-E9BC-4C80-ACED-1575EBC1FC24}
		{F81ADBB3-0C3D-4B76-B86E-C5BADED843F3} = {C8E45CA8-EDA1-4C5B-AC51-78BAA700FB30}
		{2159B521-21F2-4DD1-8206-2334A5F014D3} = {8A8C8363-CF17-450F-B3E8-5585B84DAD88}
		{5A740F9A-2259-4533-BA47-6AA94EF0A214} = {2159B521-21F2-4DD1-8206-2334A5F014D3}
		{E8A68393-A88B-4FF6-838C-0857757882DE} = {DEB4D4E9-08A1-4D40-B80F-E0BD76F1A095}
		{F7025445-4A36-4721-AFC9-877B9515EAFE} = {7D1F2FAC-A2B5-4EA7-A1A9-499218B81214}
		{5C61AF5A-5AA5-4C24-BC86-BF68C6AC6DF9} = {F7025445-4A36-4721-AFC9-877B9515EAFE}
		{9C59E768-364E-4789-8E03-2A7C692AF4A7} = {E0BBFDA4-C204-4B73-AC97-A5712F48DE40}
		{F0F9ADC6-8CF6-4F50-8647-A1D05591C91C} = {59847AB9-02D0-4BFE-A9A4-6461C0C6FC5B}
		{E71E36C5-7E9C-4946-8494-E6B73C0C1829} = {E0BBFDA4-C204-4B73-AC97-A5712F48DE40}
		{80CA3BE9-61D6-49D3-9AC7-DE2941CDFF4B} = {8A8C8363-CF17-450F-B3E8-5585B84DAD88}
		{4F1A4D13-2BFC-4913-B2F7-8DEB1302004C} = {80CA3BE9-61D6-49D3-9AC7-DE2941CDFF4B}
		{03A36E65-45C2-4FB8-A55D-BB7241A0DB73} = {B4F89B54-C474-4CFB-876A-2813A452645C}
		{3749E18F-E207-4535-9E0A-86C45A680594} = {8A8C8363-CF17-450F-B3E8-5585B84DAD88}
		{5C8496DD-A45D-4B7E-9184-60A0D6946B4D} = {3749E18F-E207-4535-9E0A-86C45A680594}
		{BEA7141D-2325-4054-ABB8-BFCDF1CD624F} = {3749E18F-E207-4535-9E0A-86C45A680594}
		{BA0C27C4-40D4-42BC-A7E3-9C5759C1FABA} = {3749E18F-E207-4535-9E0A-86C45A680594}
		{6020FC66-AE34-4851-B9D4-03B3E0986EB4} = {2B7C876B-38CB-454C-8315-F9512C451048}
		{C0DED0FD-1310-4624-9CA2-62A90BB3B073} = {2B7C876B-38CB-454C-8315-F9512C451048}
		{5354B558-3A30-49CB-8B14-53B3D899B61F} = {8A8C8363-CF17-450F-B3E8-5585B84DAD88}
		{30F3677C-BA7E-4740-B0AC-5B471499119F} = {5354B558-3A30-49CB-8B14-53B3D899B61F}
		{2E5CEFDF-AE43-4014-A0DD-5CD2E2D2B5B7} = {8A8C8363-CF17-450F-B3E8-5585B84DAD88}
		{35EBBADA-2D05-417D-887C-4C8288E1341A} = {2E5CEFDF-AE43-4014-A0DD-5CD2E2D2B5B7}
		{CA9BA476-402F-4626-97D4-FC7641B90C1E} = {F89E386E-D2F8-483D-910F-13639D417BE2}
		{F89E386E-D2F8-483D-910F-13639D417BE2} = {3749E18F-E207-4535-9E0A-86C45A680594}
		{8BF5C43D-C668-4801-8B64-C03E22C18AE1} = {F89E386E-D2F8-483D-910F-13639D417BE2}
		{EEE681AC-62D3-4CF6-BB11-7D4EBC659C26} = {8A8C8363-CF17-450F-B3E8-5585B84DAD88}
		{433F0F65-C95A-418E-8016-7BD8FD928FA6} = {EEE681AC-62D3-4CF6-BB11-7D4EBC659C26}
		{EA6BBF9D-885A-46CB-8B64-1C1C7F1B47FE} = {EEE681AC-62D3-4CF6-BB11-7D4EBC659C26}
		{16157D6C-F8FE-48B4-994A-1C59DDFF4C47} = {2B7C876B-38CB-454C-8315-F9512C451048}
		{2C96ABFA-8455-45DB-B42D-0B0FDD7591B7} = {A3F7124B-6D8E-43B8-B9BB-09AD7C93ACC7}
		{A3F7124B-6D8E-43B8-B9BB-09AD7C93ACC7} = {2159B521-21F2-4DD1-8206-2334A5F014D3}
		{73E0A090-0D16-4EDE-BB35-1D32E37FAD58} = {8A8C8363-CF17-450F-B3E8-5585B84DAD88}
		{E587C209-1A0D-42E2-8B7D-D1875C84AB3A} = {73E0A090-0D16-4EDE-BB35-1D32E37FAD58}
		{EBB4AD0B-7EEB-42DC-8F36-612469CEF0C1} = {8A8C8363-CF17-450F-B3E8-5585B84DAD88}
		{0E0C1D8F-2325-4EBE-B6A5-EA60B6DC88B5} = {EBB4AD0B-7EEB-42DC-8F36-612469CEF0C1}
		{BC515BCF-26AC-41F2-925E-493C3BA49735} = {C8E45CA8-EDA1-4C5B-AC51-78BAA700FB30}
		{34DF7C47-7356-4A6C-ADD6-A27EC0590555} = {8A8C8363-CF17-450F-B3E8-5585B84DAD88}
		{3B2EE036-B3CA-48D4-8888-C3D26A94EC5C} = {34DF7C47-7356-4A6C-ADD6-A27EC0590555}
		{9C62579E-BA61-46AF-99CA-FF3EA969F9EB} = {80CA3BE9-61D6-49D3-9AC7-DE2941CDFF4B}
		{EC14E43F-A30A-4B9D-BCFA-40C6985A9B3C} = {7D1F2FAC-A2B5-4EA7-A1A9-499218B81214}
		{7D1F2FAC-A2B5-4EA7-A1A9-499218B81214} = {8A8C8363-CF17-450F-B3E8-5585B84DAD88}
		{6DA2F59B-629D-4640-9AEA-E36D7E88E789} = {8A8C8363-CF17-450F-B3E8-5585B84DAD88}
		{0662B21B-9BE8-4B39-9C7D-ACC04A8EE9A2} = {6DA2F59B-629D-4640-9AEA-E36D7E88E789}
		{21115D34-9C54-4D72-A610-7F82DD66EE0F} = {80CA3BE9-61D6-49D3-9AC7-DE2941CDFF4B}
		{ACC42606-969A-4713-B422-F2728ECB69CB} = {80CA3BE9-61D6-49D3-9AC7-DE2941CDFF4B}
		{1F6DD6DB-F64E-444F-A134-332CBA45D57F} = {2B7C876B-38CB-454C-8315-F9512C451048}
	EndGlobalSection
	GlobalSection(ExtensibilityGlobals) = postSolution
		SolutionGuid = {F55B8C80-F9CF-45B3-BF58-F49C08B84730}
	EndGlobalSection
EndGlobal
